// !$*UTF8*$!
{
	archiveVersion = 1;
	classes = {
	};
	objectVersion = 46;
	objects = {

/* Begin PBXBuildFile section */
		C39650BB18314F1C00984745 /* UIKit.framework in Frameworks */ = {isa = PBXBuildFile; fileRef = C39650BA18314F1C00984745 /* UIKit.framework */; };
		C39650BD18314F1C00984745 /* Foundation.framework in Frameworks */ = {isa = PBXBuildFile; fileRef = C39650BC18314F1C00984745 /* Foundation.framework */; };
		C39650BF18314F1C00984745 /* CoreGraphics.framework in Frameworks */ = {isa = PBXBuildFile; fileRef = C39650BE18314F1C00984745 /* CoreGraphics.framework */; };
		C39650C518314F1C00984745 /* InfoPlist.strings in Resources */ = {isa = PBXBuildFile; fileRef = C39650C318314F1C00984745 /* InfoPlist.strings */; };
		C39650C718314F1C00984745 /* main.m in Sources */ = {isa = PBXBuildFile; fileRef = C39650C618314F1C00984745 /* main.m */; };
		C39650CB18314F1C00984745 /* EDXAppDelegate.m in Sources */ = {isa = PBXBuildFile; fileRef = C39650CA18314F1C00984745 /* EDXAppDelegate.m */; };
		C39650CD18314F1C00984745 /* Default.png in Resources */ = {isa = PBXBuildFile; fileRef = C39650CC18314F1C00984745 /* Default.png */; };
		C39650CF18314F1C00984745 /* Default@2x.png in Resources */ = {isa = PBXBuildFile; fileRef = C39650CE18314F1C00984745 /* Default@2x.png */; };
		C39650D118314F1C00984745 /* Default-568h@2x.png in Resources */ = {isa = PBXBuildFile; fileRef = C39650D018314F1C00984745 /* Default-568h@2x.png */; };
		C39650D918314F1C00984745 /* SenTestingKit.framework in Frameworks */ = {isa = PBXBuildFile; fileRef = C39650D818314F1C00984745 /* SenTestingKit.framework */; };
		C39650DA18314F1C00984745 /* UIKit.framework in Frameworks */ = {isa = PBXBuildFile; fileRef = C39650BA18314F1C00984745 /* UIKit.framework */; };
		C39650DB18314F1C00984745 /* Foundation.framework in Frameworks */ = {isa = PBXBuildFile; fileRef = C39650BC18314F1C00984745 /* Foundation.framework */; };
		C39650E318314F1C00984745 /* InfoPlist.strings in Resources */ = {isa = PBXBuildFile; fileRef = C39650E118314F1C00984745 /* InfoPlist.strings */; };
		C39650E618314F1C00984745 /* edx_mobileTests.m in Sources */ = {isa = PBXBuildFile; fileRef = C39650E518314F1C00984745 /* edx_mobileTests.m */; };
		C39650F218314F4D00984745 /* EDXLoginViewController.m in Sources */ = {isa = PBXBuildFile; fileRef = C39650F018314F4D00984745 /* EDXLoginViewController.m */; };
		C39650F318314F4D00984745 /* EDXLoginViewController.xib in Resources */ = {isa = PBXBuildFile; fileRef = C39650F118314F4D00984745 /* EDXLoginViewController.xib */; };
/* End PBXBuildFile section */

/* Begin PBXContainerItemProxy section */
		C39650DC18314F1C00984745 /* PBXContainerItemProxy */ = {
			isa = PBXContainerItemProxy;
			containerPortal = C39650AF18314F1B00984745 /* Project object */;
			proxyType = 1;
			remoteGlobalIDString = C39650B618314F1C00984745;
			remoteInfo = "edx-mobile";
		};
/* End PBXContainerItemProxy section */

/* Begin PBXFileReference section */
		C39650B718314F1C00984745 /* edx-mobile.app */ = {isa = PBXFileReference; explicitFileType = wrapper.application; includeInIndex = 0; path = "edx-mobile.app"; sourceTree = BUILT_PRODUCTS_DIR; };
		C39650BA18314F1C00984745 /* UIKit.framework */ = {isa = PBXFileReference; lastKnownFileType = wrapper.framework; name = UIKit.framework; path = System/Library/Frameworks/UIKit.framework; sourceTree = SDKROOT; };
		C39650BC18314F1C00984745 /* Foundation.framework */ = {isa = PBXFileReference; lastKnownFileType = wrapper.framework; name = Foundation.framework; path = System/Library/Frameworks/Foundation.framework; sourceTree = SDKROOT; };
		C39650BE18314F1C00984745 /* CoreGraphics.framework */ = {isa = PBXFileReference; lastKnownFileType = wrapper.framework; name = CoreGraphics.framework; path = System/Library/Frameworks/CoreGraphics.framework; sourceTree = SDKROOT; };
		C39650C218314F1C00984745 /* edx-mobile-Info.plist */ = {isa = PBXFileReference; lastKnownFileType = text.plist.xml; path = "edx-mobile-Info.plist"; sourceTree = "<group>"; };
		C39650C418314F1C00984745 /* en */ = {isa = PBXFileReference; lastKnownFileType = text.plist.strings; name = en; path = en.lproj/InfoPlist.strings; sourceTree = "<group>"; };
		C39650C618314F1C00984745 /* main.m */ = {isa = PBXFileReference; lastKnownFileType = sourcecode.c.objc; path = main.m; sourceTree = "<group>"; };
		C39650C818314F1C00984745 /* edx-mobile-Prefix.pch */ = {isa = PBXFileReference; lastKnownFileType = sourcecode.c.h; path = "edx-mobile-Prefix.pch"; sourceTree = "<group>"; };
		C39650C918314F1C00984745 /* EDXAppDelegate.h */ = {isa = PBXFileReference; lastKnownFileType = sourcecode.c.h; path = EDXAppDelegate.h; sourceTree = "<group>"; };
		C39650CA18314F1C00984745 /* EDXAppDelegate.m */ = {isa = PBXFileReference; lastKnownFileType = sourcecode.c.objc; path = EDXAppDelegate.m; sourceTree = "<group>"; };
		C39650CC18314F1C00984745 /* Default.png */ = {isa = PBXFileReference; lastKnownFileType = image.png; path = Default.png; sourceTree = "<group>"; };
		C39650CE18314F1C00984745 /* Default@2x.png */ = {isa = PBXFileReference; lastKnownFileType = image.png; path = "Default@2x.png"; sourceTree = "<group>"; };
		C39650D018314F1C00984745 /* Default-568h@2x.png */ = {isa = PBXFileReference; lastKnownFileType = image.png; path = "Default-568h@2x.png"; sourceTree = "<group>"; };
		C39650D718314F1C00984745 /* edx-mobileTests.octest */ = {isa = PBXFileReference; explicitFileType = wrapper.cfbundle; includeInIndex = 0; path = "edx-mobileTests.octest"; sourceTree = BUILT_PRODUCTS_DIR; };
		C39650D818314F1C00984745 /* SenTestingKit.framework */ = {isa = PBXFileReference; lastKnownFileType = wrapper.framework; name = SenTestingKit.framework; path = Library/Frameworks/SenTestingKit.framework; sourceTree = DEVELOPER_DIR; };
		C39650E018314F1C00984745 /* edx-mobileTests-Info.plist */ = {isa = PBXFileReference; lastKnownFileType = text.plist.xml; path = "edx-mobileTests-Info.plist"; sourceTree = "<group>"; };
		C39650E218314F1C00984745 /* en */ = {isa = PBXFileReference; lastKnownFileType = text.plist.strings; name = en; path = en.lproj/InfoPlist.strings; sourceTree = "<group>"; };
		C39650E418314F1C00984745 /* edx_mobileTests.h */ = {isa = PBXFileReference; lastKnownFileType = sourcecode.c.h; path = edx_mobileTests.h; sourceTree = "<group>"; };
		C39650E518314F1C00984745 /* edx_mobileTests.m */ = {isa = PBXFileReference; lastKnownFileType = sourcecode.c.objc; path = edx_mobileTests.m; sourceTree = "<group>"; };
		C39650EF18314F4D00984745 /* EDXLoginViewController.h */ = {isa = PBXFileReference; fileEncoding = 4; lastKnownFileType = sourcecode.c.h; path = EDXLoginViewController.h; sourceTree = "<group>"; };
		C39650F018314F4D00984745 /* EDXLoginViewController.m */ = {isa = PBXFileReference; fileEncoding = 4; lastKnownFileType = sourcecode.c.objc; path = EDXLoginViewController.m; sourceTree = "<group>"; };
		C39650F118314F4D00984745 /* EDXLoginViewController.xib */ = {isa = PBXFileReference; fileEncoding = 4; lastKnownFileType = file.xib; path = EDXLoginViewController.xib; sourceTree = "<group>"; };
/* End PBXFileReference section */

/* Begin PBXFrameworksBuildPhase section */
		C39650B418314F1C00984745 /* Frameworks */ = {
			isa = PBXFrameworksBuildPhase;
			buildActionMask = 2147483647;
			files = (
				C39650BB18314F1C00984745 /* UIKit.framework in Frameworks */,
				C39650BD18314F1C00984745 /* Foundation.framework in Frameworks */,
				C39650BF18314F1C00984745 /* CoreGraphics.framework in Frameworks */,
			);
			runOnlyForDeploymentPostprocessing = 0;
		};
		C39650D318314F1C00984745 /* Frameworks */ = {
			isa = PBXFrameworksBuildPhase;
			buildActionMask = 2147483647;
			files = (
				C39650D918314F1C00984745 /* SenTestingKit.framework in Frameworks */,
				C39650DA18314F1C00984745 /* UIKit.framework in Frameworks */,
				C39650DB18314F1C00984745 /* Foundation.framework in Frameworks */,
			);
			runOnlyForDeploymentPostprocessing = 0;
		};
/* End PBXFrameworksBuildPhase section */

/* Begin PBXGroup section */
		C39650AE18314F1B00984745 = {
			isa = PBXGroup;
			children = (
				C39650C018314F1C00984745 /* edx-mobile */,
				C39650DE18314F1C00984745 /* edx-mobileTests */,
				C39650B918314F1C00984745 /* Frameworks */,
				C39650B818314F1C00984745 /* Products */,
			);
			sourceTree = "<group>";
		};
		C39650B818314F1C00984745 /* Products */ = {
			isa = PBXGroup;
			children = (
				C39650B718314F1C00984745 /* edx-mobile.app */,
				C39650D718314F1C00984745 /* edx-mobileTests.octest */,
			);
			name = Products;
			sourceTree = "<group>";
		};
		C39650B918314F1C00984745 /* Frameworks */ = {
			isa = PBXGroup;
			children = (
				C39650BA18314F1C00984745 /* UIKit.framework */,
				C39650BC18314F1C00984745 /* Foundation.framework */,
				C39650BE18314F1C00984745 /* CoreGraphics.framework */,
				C39650D818314F1C00984745 /* SenTestingKit.framework */,
			);
			name = Frameworks;
			sourceTree = "<group>";
		};
		C39650C018314F1C00984745 /* edx-mobile */ = {
			isa = PBXGroup;
			children = (
				C39650C918314F1C00984745 /* EDXAppDelegate.h */,
				C39650CA18314F1C00984745 /* EDXAppDelegate.m */,
				C39650C118314F1C00984745 /* Supporting Files */,
				C39650EF18314F4D00984745 /* EDXLoginViewController.h */,
				C39650F018314F4D00984745 /* EDXLoginViewController.m */,
				C39650F118314F4D00984745 /* EDXLoginViewController.xib */,
			);
			path = "edx-mobile";
			sourceTree = "<group>";
		};
		C39650C118314F1C00984745 /* Supporting Files */ = {
			isa = PBXGroup;
			children = (
				C39650C218314F1C00984745 /* edx-mobile-Info.plist */,
				C39650C318314F1C00984745 /* InfoPlist.strings */,
				C39650C618314F1C00984745 /* main.m */,
				C39650C818314F1C00984745 /* edx-mobile-Prefix.pch */,
				C39650CC18314F1C00984745 /* Default.png */,
				C39650CE18314F1C00984745 /* Default@2x.png */,
				C39650D018314F1C00984745 /* Default-568h@2x.png */,
			);
			name = "Supporting Files";
			sourceTree = "<group>";
		};
		C39650DE18314F1C00984745 /* edx-mobileTests */ = {
			isa = PBXGroup;
			children = (
				C39650E418314F1C00984745 /* edx_mobileTests.h */,
				C39650E518314F1C00984745 /* edx_mobileTests.m */,
				C39650DF18314F1C00984745 /* Supporting Files */,
			);
			path = "edx-mobileTests";
			sourceTree = "<group>";
		};
		C39650DF18314F1C00984745 /* Supporting Files */ = {
			isa = PBXGroup;
			children = (
				C39650E018314F1C00984745 /* edx-mobileTests-Info.plist */,
				C39650E118314F1C00984745 /* InfoPlist.strings */,
			);
			name = "Supporting Files";
			sourceTree = "<group>";
		};
/* End PBXGroup section */

/* Begin PBXNativeTarget section */
		C39650B618314F1C00984745 /* edx-mobile */ = {
			isa = PBXNativeTarget;
			buildConfigurationList = C39650E918314F1C00984745 /* Build configuration list for PBXNativeTarget "edx-mobile" */;
			buildPhases = (
				C39650B318314F1C00984745 /* Sources */,
				C39650B418314F1C00984745 /* Frameworks */,
				C39650B518314F1C00984745 /* Resources */,
			);
			buildRules = (
			);
			dependencies = (
			);
			name = "edx-mobile";
			productName = "edx-mobile";
			productReference = C39650B718314F1C00984745 /* edx-mobile.app */;
			productType = "com.apple.product-type.application";
		};
		C39650D618314F1C00984745 /* edx-mobileTests */ = {
			isa = PBXNativeTarget;
			buildConfigurationList = C39650EC18314F1C00984745 /* Build configuration list for PBXNativeTarget "edx-mobileTests" */;
			buildPhases = (
				C39650D218314F1C00984745 /* Sources */,
				C39650D318314F1C00984745 /* Frameworks */,
				C39650D418314F1C00984745 /* Resources */,
				C39650D518314F1C00984745 /* ShellScript */,
			);
			buildRules = (
			);
			dependencies = (
				C39650DD18314F1C00984745 /* PBXTargetDependency */,
			);
			name = "edx-mobileTests";
			productName = "edx-mobileTests";
			productReference = C39650D718314F1C00984745 /* edx-mobileTests.octest */;
			productType = "com.apple.product-type.bundle";
		};
/* End PBXNativeTarget section */

/* Begin PBXProject section */
		C39650AF18314F1B00984745 /* Project object */ = {
			isa = PBXProject;
			attributes = {
				CLASSPREFIX = EDX;
				LastUpgradeCheck = 0460;
				ORGANIZATIONNAME = mulab;
			};
			buildConfigurationList = C39650B218314F1B00984745 /* Build configuration list for PBXProject "edx-mobile" */;
			compatibilityVersion = "Xcode 3.2";
			developmentRegion = English;
			hasScannedForEncodings = 0;
			knownRegions = (
				en,
			);
			mainGroup = C39650AE18314F1B00984745;
			productRefGroup = C39650B818314F1C00984745 /* Products */;
			projectDirPath = "";
			projectRoot = "";
			targets = (
				C39650B618314F1C00984745 /* edx-mobile */,
				C39650D618314F1C00984745 /* edx-mobileTests */,
			);
		};
/* End PBXProject section */

/* Begin PBXResourcesBuildPhase section */
		C39650B518314F1C00984745 /* Resources */ = {
			isa = PBXResourcesBuildPhase;
			buildActionMask = 2147483647;
			files = (
				C39650C518314F1C00984745 /* InfoPlist.strings in Resources */,
				C39650CD18314F1C00984745 /* Default.png in Resources */,
				C39650CF18314F1C00984745 /* Default@2x.png in Resources */,
				C39650D118314F1C00984745 /* Default-568h@2x.png in Resources */,
				C39650F318314F4D00984745 /* EDXLoginViewController.xib in Resources */,
			);
			runOnlyForDeploymentPostprocessing = 0;
		};
		C39650D418314F1C00984745 /* Resources */ = {
			isa = PBXResourcesBuildPhase;
			buildActionMask = 2147483647;
			files = (
				C39650E318314F1C00984745 /* InfoPlist.strings in Resources */,
			);
			runOnlyForDeploymentPostprocessing = 0;
		};
/* End PBXResourcesBuildPhase section */

/* Begin PBXShellScriptBuildPhase section */
		C39650D518314F1C00984745 /* ShellScript */ = {
			isa = PBXShellScriptBuildPhase;
			buildActionMask = 2147483647;
			files = (
			);
			inputPaths = (
			);
			outputPaths = (
			);
			runOnlyForDeploymentPostprocessing = 0;
			shellPath = /bin/sh;
			shellScript = "# Run the unit tests in this test bundle.\n\"${SYSTEM_DEVELOPER_DIR}/Tools/RunUnitTests\"\n";
		};
/* End PBXShellScriptBuildPhase section */

/* Begin PBXSourcesBuildPhase section */
		C39650B318314F1C00984745 /* Sources */ = {
			isa = PBXSourcesBuildPhase;
			buildActionMask = 2147483647;
			files = (
				C39650C718314F1C00984745 /* main.m in Sources */,
				C39650CB18314F1C00984745 /* EDXAppDelegate.m in Sources */,
				C39650F218314F4D00984745 /* EDXLoginViewController.m in Sources */,
			);
			runOnlyForDeploymentPostprocessing = 0;
		};
		C39650D218314F1C00984745 /* Sources */ = {
			isa = PBXSourcesBuildPhase;
			buildActionMask = 2147483647;
			files = (
				C39650E618314F1C00984745 /* edx_mobileTests.m in Sources */,
			);
			runOnlyForDeploymentPostprocessing = 0;
		};
/* End PBXSourcesBuildPhase section */

/* Begin PBXTargetDependency section */
		C39650DD18314F1C00984745 /* PBXTargetDependency */ = {
			isa = PBXTargetDependency;
			target = C39650B618314F1C00984745 /* edx-mobile */;
			targetProxy = C39650DC18314F1C00984745 /* PBXContainerItemProxy */;
		};
/* End PBXTargetDependency section */

/* Begin PBXVariantGroup section */
		C39650C318314F1C00984745 /* InfoPlist.strings */ = {
			isa = PBXVariantGroup;
			children = (
				C39650C418314F1C00984745 /* en */,
			);
			name = InfoPlist.strings;
			sourceTree = "<group>";
		};
		C39650E118314F1C00984745 /* InfoPlist.strings */ = {
			isa = PBXVariantGroup;
			children = (
				C39650E218314F1C00984745 /* en */,
			);
			name = InfoPlist.strings;
			sourceTree = "<group>";
		};
/* End PBXVariantGroup section */

/* Begin XCBuildConfiguration section */
		C39650E718314F1C00984745 /* Debug */ = {
			isa = XCBuildConfiguration;
			buildSettings = {
				ALWAYS_SEARCH_USER_PATHS = NO;
				CLANG_CXX_LANGUAGE_STANDARD = "gnu++0x";
				CLANG_CXX_LIBRARY = "libc++";
				CLANG_ENABLE_OBJC_ARC = YES;
				CLANG_WARN_CONSTANT_CONVERSION = YES;
				CLANG_WARN_EMPTY_BODY = YES;
				CLANG_WARN_ENUM_CONVERSION = YES;
				CLANG_WARN_INT_CONVERSION = YES;
				CLANG_WARN__DUPLICATE_METHOD_MATCH = YES;
				"CODE_SIGN_IDENTITY[sdk=iphoneos*]" = "iPhone Developer";
				COPY_PHASE_STRIP = NO;
				GCC_C_LANGUAGE_STANDARD = gnu99;
				GCC_DYNAMIC_NO_PIC = NO;
				GCC_OPTIMIZATION_LEVEL = 0;
				GCC_PREPROCESSOR_DEFINITIONS = (
					"DEBUG=1",
					"$(inherited)",
				);
				GCC_SYMBOLS_PRIVATE_EXTERN = NO;
				GCC_WARN_ABOUT_RETURN_TYPE = YES;
				GCC_WARN_UNINITIALIZED_AUTOS = YES;
				GCC_WARN_UNUSED_VARIABLE = YES;
				IPHONEOS_DEPLOYMENT_TARGET = 6.1;
				ONLY_ACTIVE_ARCH = YES;
				SDKROOT = iphoneos;
				TARGETED_DEVICE_FAMILY = 2;
			};
			name = Debug;
		};
		C39650E818314F1C00984745 /* Release */ = {
			isa = XCBuildConfiguration;
			buildSettings = {
				ALWAYS_SEARCH_USER_PATHS = NO;
				CLANG_CXX_LANGUAGE_STANDARD = "gnu++0x";
				CLANG_CXX_LIBRARY = "libc++";
				CLANG_ENABLE_OBJC_ARC = YES;
				CLANG_WARN_CONSTANT_CONVERSION = YES;
				CLANG_WARN_EMPTY_BODY = YES;
				CLANG_WARN_ENUM_CONVERSION = YES;
				CLANG_WARN_INT_CONVERSION = YES;
				CLANG_WARN__DUPLICATE_METHOD_MATCH = YES;
				"CODE_SIGN_IDENTITY[sdk=iphoneos*]" = "iPhone Developer";
				COPY_PHASE_STRIP = YES;
				GCC_C_LANGUAGE_STANDARD = gnu99;
				GCC_WARN_ABOUT_RETURN_TYPE = YES;
				GCC_WARN_UNINITIALIZED_AUTOS = YES;
				GCC_WARN_UNUSED_VARIABLE = YES;
				IPHONEOS_DEPLOYMENT_TARGET = 6.1;
				OTHER_CFLAGS = "-DNS_BLOCK_ASSERTIONS=1";
				SDKROOT = iphoneos;
				TARGETED_DEVICE_FAMILY = 2;
				VALIDATE_PRODUCT = YES;
			};
			name = Release;
		};
		C39650EA18314F1C00984745 /* Debug */ = {
			isa = XCBuildConfiguration;
			buildSettings = {
				GCC_PRECOMPILE_PREFIX_HEADER = YES;
				GCC_PREFIX_HEADER = "edx-mobile/edx-mobile-Prefix.pch";
				INFOPLIST_FILE = "edx-mobile/edx-mobile-Info.plist";
				PRODUCT_NAME = "$(TARGET_NAME)";
				WRAPPER_EXTENSION = app;
			};
			name = Debug;
		};
		C39650EB18314F1C00984745 /* Release */ = {
			isa = XCBuildConfiguration;
			buildSettings = {
				GCC_PRECOMPILE_PREFIX_HEADER = YES;
				GCC_PREFIX_HEADER = "edx-mobile/edx-mobile-Prefix.pch";
				INFOPLIST_FILE = "edx-mobile/edx-mobile-Info.plist";
				PRODUCT_NAME = "$(TARGET_NAME)";
				WRAPPER_EXTENSION = app;
			};
			name = Release;
		};
		C39650ED18314F1C00984745 /* Debug */ = {
			isa = XCBuildConfiguration;
			buildSettings = {
				BUNDLE_LOADER = "$(BUILT_PRODUCTS_DIR)/edx-mobile.app/edx-mobile";
				FRAMEWORK_SEARCH_PATHS = (
					"\"$(SDKROOT)/Developer/Library/Frameworks\"",
					"\"$(DEVELOPER_LIBRARY_DIR)/Frameworks\"",
				);
				GCC_PRECOMPILE_PREFIX_HEADER = YES;
				GCC_PREFIX_HEADER = "edx-mobile/edx-mobile-Prefix.pch";
				INFOPLIST_FILE = "edx-mobileTests/edx-mobileTests-Info.plist";
				PRODUCT_NAME = "$(TARGET_NAME)";
				TEST_HOST = "$(BUNDLE_LOADER)";
				WRAPPER_EXTENSION = octest;
			};
			name = Debug;
		};
		C39650EE18314F1C00984745 /* Release */ = {
			isa = XCBuildConfiguration;
			buildSettings = {
				BUNDLE_LOADER = "$(BUILT_PRODUCTS_DIR)/edx-mobile.app/edx-mobile";
				FRAMEWORK_SEARCH_PATHS = (
					"\"$(SDKROOT)/Developer/Library/Frameworks\"",
					"\"$(DEVELOPER_LIBRARY_DIR)/Frameworks\"",
				);
				GCC_PRECOMPILE_PREFIX_HEADER = YES;
				GCC_PREFIX_HEADER = "edx-mobile/edx-mobile-Prefix.pch";
				INFOPLIST_FILE = "edx-mobileTests/edx-mobileTests-Info.plist";
				PRODUCT_NAME = "$(TARGET_NAME)";
				TEST_HOST = "$(BUNDLE_LOADER)";
				WRAPPER_EXTENSION = octest;
			};
			name = Release;
		};
/* End XCBuildConfiguration section */

/* Begin XCConfigurationList section */
		C39650B218314F1B00984745 /* Build configuration list for PBXProject "edx-mobile" */ = {
			isa = XCConfigurationList;
			buildConfigurations = (
				C39650E718314F1C00984745 /* Debug */,
				C39650E818314F1C00984745 /* Release */,
			);
			defaultConfigurationIsVisible = 0;
			defaultConfigurationName = Release;
		};
		C39650E918314F1C00984745 /* Build configuration list for PBXNativeTarget "edx-mobile" */ = {
			isa = XCConfigurationList;
			buildConfigurations = (
				C39650EA18314F1C00984745 /* Debug */,
				C39650EB18314F1C00984745 /* Release */,
			);
			defaultConfigurationIsVisible = 0;
		};
		C39650EC18314F1C00984745 /* Build configuration list for PBXNativeTarget "edx-mobileTests" */ = {
			isa = XCConfigurationList;
			buildConfigurations = (
				C39650ED18314F1C00984745 /* Debug */,
				C39650EE18314F1C00984745 /* Release */,
			);
			defaultConfigurationIsVisible = 0;
		};
/* End XCConfigurationList section */
	};
	rootObject = C39650AF18314F1B00984745 /* Project object */;
}
