// !$*UTF8*$!
{
	archiveVersion = 1;
	classes = {
	};
	objectVersion = 46;
	objects = {

/* Begin PBXBuildFile section */
		8A8B2DA818B4905100FBDABB /* EDXMainViewController.m in Sources */ = {isa = PBXBuildFile; fileRef = 8A8B2DA618B4905100FBDABB /* EDXMainViewController.m */; };
		8A8B2DA918B4905100FBDABB /* EDXMainViewController.xib in Resources */ = {isa = PBXBuildFile; fileRef = 8A8B2DA718B4905100FBDABB /* EDXMainViewController.xib */; };
		8A8B2DAD18B4916200FBDABB /* EDXMyCourseViewController.m in Sources */ = {isa = PBXBuildFile; fileRef = 8A8B2DAB18B4916200FBDABB /* EDXMyCourseViewController.m */; };
		8A8B2DAE18B4916200FBDABB /* EDXMyCourseViewController.xib in Resources */ = {isa = PBXBuildFile; fileRef = 8A8B2DAC18B4916200FBDABB /* EDXMyCourseViewController.xib */; };
		8A8B2DB218B4918100FBDABB /* EDXFindCourseViewController.m in Sources */ = {isa = PBXBuildFile; fileRef = 8A8B2DB018B4918100FBDABB /* EDXFindCourseViewController.m */; };
		8A8B2DB318B4918100FBDABB /* EDXFindCourseViewController.xib in Resources */ = {isa = PBXBuildFile; fileRef = 8A8B2DB118B4918100FBDABB /* EDXFindCourseViewController.xib */; };
		8A8B2DB718B4919300FBDABB /* EDXSettingViewController.m in Sources */ = {isa = PBXBuildFile; fileRef = 8A8B2DB518B4919300FBDABB /* EDXSettingViewController.m */; };
		8A8B2DB818B4919300FBDABB /* EDXSettingViewController.xib in Resources */ = {isa = PBXBuildFile; fileRef = 8A8B2DB618B4919300FBDABB /* EDXSettingViewController.xib */; };
		8A8B2DBC18B4A7DF00FBDABB /* EDXCourseModel.m in Sources */ = {isa = PBXBuildFile; fileRef = 8A8B2DBB18B4A7DF00FBDABB /* EDXCourseModel.m */; };
		8A8B2DC018B5D79E00FBDABB /* EDXMyCourseCell.m in Sources */ = {isa = PBXBuildFile; fileRef = 8A8B2DBF18B5D79E00FBDABB /* EDXMyCourseCell.m */; };
		8A8B2DC218B5D7CC00FBDABB /* EDXMyCourseCell.xib in Resources */ = {isa = PBXBuildFile; fileRef = 8A8B2DC118B5D7CC00FBDABB /* EDXMyCourseCell.xib */; };
		8A8B2E0A18B7B1C200FBDABB /* EDXChapterModel.m in Sources */ = {isa = PBXBuildFile; fileRef = 8A8B2E0918B7B1C200FBDABB /* EDXChapterModel.m */; };
		8A8B2E0D18B7B1EB00FBDABB /* EDXSubChapterModel.m in Sources */ = {isa = PBXBuildFile; fileRef = 8A8B2E0C18B7B1EB00FBDABB /* EDXSubChapterModel.m */; };
		8A8B2E1018B7B20900FBDABB /* EDXItemModel.m in Sources */ = {isa = PBXBuildFile; fileRef = 8A8B2E0F18B7B20900FBDABB /* EDXItemModel.m */; };
		8A8B2E1318B7BA1800FBDABB /* EDXVideoItemModel.m in Sources */ = {isa = PBXBuildFile; fileRef = 8A8B2E1218B7BA1800FBDABB /* EDXVideoItemModel.m */; };
		8A8B2E1618B7BC7D00FBDABB /* EDXCourseDetailModel.m in Sources */ = {isa = PBXBuildFile; fileRef = 8A8B2E1518B7BC7D00FBDABB /* EDXCourseDetailModel.m */; };
		8A8B2E2218B827D500FBDABB /* EDXCourseDetailViewController.m in Sources */ = {isa = PBXBuildFile; fileRef = 8A8B2E2018B827D500FBDABB /* EDXCourseDetailViewController.m */; };
		8A8B2E2318B827D500FBDABB /* EDXCourseDetailViewController.xib in Resources */ = {isa = PBXBuildFile; fileRef = 8A8B2E2118B827D500FBDABB /* EDXCourseDetailViewController.xib */; };
		8ACD2C581883E81D006ACA9B /* XCTest.framework in Frameworks */ = {isa = PBXBuildFile; fileRef = 8ACD2C571883E81D006ACA9B /* XCTest.framework */; };
		8ACD2C591883E81D006ACA9B /* Foundation.framework in Frameworks */ = {isa = PBXBuildFile; fileRef = C39650BC18314F1C00984745 /* Foundation.framework */; };
		8ACD2C5A1883E81D006ACA9B /* UIKit.framework in Frameworks */ = {isa = PBXBuildFile; fileRef = C39650BA18314F1C00984745 /* UIKit.framework */; };
		8ACD2C601883E81D006ACA9B /* InfoPlist.strings in Resources */ = {isa = PBXBuildFile; fileRef = 8ACD2C5E1883E81D006ACA9B /* InfoPlist.strings */; };
		8ACD2C621883E81D006ACA9B /* edx_mobile_Tests.m in Sources */ = {isa = PBXBuildFile; fileRef = 8ACD2C611883E81D006ACA9B /* edx_mobile_Tests.m */; };
		8ACD2C6A1883E91D006ACA9B /* EDXURLHelperTest.m in Sources */ = {isa = PBXBuildFile; fileRef = 8ACD2C691883E91D006ACA9B /* EDXURLHelperTest.m */; };
		BB19B96DF2A2476489342A0E /* libPods.a in Frameworks */ = {isa = PBXBuildFile; fileRef = 251084FF92044528BFE61E59 /* libPods.a */; };
		C36979BA1853A2C4006055C3 /* MediaPlayer.framework in Frameworks */ = {isa = PBXBuildFile; fileRef = C36979B91853A2C4006055C3 /* MediaPlayer.framework */; };
		C39650BB18314F1C00984745 /* UIKit.framework in Frameworks */ = {isa = PBXBuildFile; fileRef = C39650BA18314F1C00984745 /* UIKit.framework */; };
		C39650BD18314F1C00984745 /* Foundation.framework in Frameworks */ = {isa = PBXBuildFile; fileRef = C39650BC18314F1C00984745 /* Foundation.framework */; };
		C39650BF18314F1C00984745 /* CoreGraphics.framework in Frameworks */ = {isa = PBXBuildFile; fileRef = C39650BE18314F1C00984745 /* CoreGraphics.framework */; };
		C39650C518314F1C00984745 /* InfoPlist.strings in Resources */ = {isa = PBXBuildFile; fileRef = C39650C318314F1C00984745 /* InfoPlist.strings */; };
		C39650C718314F1C00984745 /* main.m in Sources */ = {isa = PBXBuildFile; fileRef = C39650C618314F1C00984745 /* main.m */; };
		C39650CB18314F1C00984745 /* EDXAppDelegate.m in Sources */ = {isa = PBXBuildFile; fileRef = C39650CA18314F1C00984745 /* EDXAppDelegate.m */; };
		C39650CD18314F1C00984745 /* Default.png in Resources */ = {isa = PBXBuildFile; fileRef = C39650CC18314F1C00984745 /* Default.png */; };
		C39650CF18314F1C00984745 /* Default@2x.png in Resources */ = {isa = PBXBuildFile; fileRef = C39650CE18314F1C00984745 /* Default@2x.png */; };
		C39650D118314F1C00984745 /* Default-568h@2x.png in Resources */ = {isa = PBXBuildFile; fileRef = C39650D018314F1C00984745 /* Default-568h@2x.png */; };
		C3965179183235EB00984745 /* CFNetwork.framework in Frameworks */ = {isa = PBXBuildFile; fileRef = C3965178183235EB00984745 /* CFNetwork.framework */; };
		C396517B183235F600984745 /* SystemConfiguration.framework in Frameworks */ = {isa = PBXBuildFile; fileRef = C396517A183235F600984745 /* SystemConfiguration.framework */; };
		C396517D183235FF00984745 /* MobileCoreServices.framework in Frameworks */ = {isa = PBXBuildFile; fileRef = C396517C183235FF00984745 /* MobileCoreServices.framework */; };
		C396517F1832361600984745 /* libz.1.2.5.dylib in Frameworks */ = {isa = PBXBuildFile; fileRef = C396517E1832361600984745 /* libz.1.2.5.dylib */; };
		C39651881832440200984745 /* EDXConstants.m in Sources */ = {isa = PBXBuildFile; fileRef = C39651871832440200984745 /* EDXConstants.m */; };
		D86E9125A76B4B1C8B95334B /* libPods-edx-mobile Tests.a in Frameworks */ = {isa = PBXBuildFile; fileRef = F752CA97F5D643EEAD405A84 /* libPods-edx-mobile Tests.a */; };
		EE3DB30D0BDE9AD8D59C1248 /* tab_bar_item_find_course.png in Resources */ = {isa = PBXBuildFile; fileRef = EE3DB968F70D157766F5CD45 /* tab_bar_item_find_course.png */; };
		EE3DB31E14ED5094B1115270 /* EDXGetCourseElementRequest.m in Sources */ = {isa = PBXBuildFile; fileRef = EE3DB85CD746A0E28AD3843B /* EDXGetCourseElementRequest.m */; };
		EE3DB39DA6C7A4C39A9DD03F /* login_button.png in Resources */ = {isa = PBXBuildFile; fileRef = EE3DB0DA53E14009B6D457CF /* login_button.png */; };
		EE3DB44473CA9C6D96CA77F0 /* EDXMPViewController.m in Sources */ = {isa = PBXBuildFile; fileRef = EE3DB565121C76C6EF87A9D9 /* EDXMPViewController.m */; };
		EE3DB446D9A361B5E6E2C5A4 /* EDXNetworkRequest.m in Sources */ = {isa = PBXBuildFile; fileRef = EE3DB9C1717814498CF694A2 /* EDXNetworkRequest.m */; };
		EE3DB5E0DAB26611B4D277F8 /* EDXUtilities.m in Sources */ = {isa = PBXBuildFile; fileRef = EE3DBDDB7A6B99636F0BC515 /* EDXUtilities.m */; };
		EE3DB823E5642CC6B24EAEFF /* EDXLoginViewController.m in Sources */ = {isa = PBXBuildFile; fileRef = EE3DBF6EB115946E26071145 /* EDXLoginViewController.m */; };
		EE3DB8DDC4480D19F7DB135D /* EDXDataManager.m in Sources */ = {isa = PBXBuildFile; fileRef = EE3DBBA3FC8B82799C023B12 /* EDXDataManager.m */; };
		EE3DB8F74F3243C2F0087DFC /* EDXGetCourseNavigationRequest.m in Sources */ = {isa = PBXBuildFile; fileRef = EE3DBCA8C27515ECF3EE57CE /* EDXGetCourseNavigationRequest.m */; };
		EE3DB947E6697A3D9CB95489 /* EDXViewController.m in Sources */ = {isa = PBXBuildFile; fileRef = EE3DBBB36035632D2DF691A4 /* EDXViewController.m */; };
		EE3DB9FAD6C539CC811E02CF /* EDXGetCoursesRequest.m in Sources */ = {isa = PBXBuildFile; fileRef = EE3DB7FC16D2A224C821DB28 /* EDXGetCoursesRequest.m */; };
		EE3DBB0C48DB967B4431F672 /* tab_bar_item_setting.png in Resources */ = {isa = PBXBuildFile; fileRef = EE3DB8396F892D26D4CD07E2 /* tab_bar_item_setting.png */; };
		EE3DBB281B5E4EF6FCB6CFC1 /* EDXDeleteEnrollCourseRequest.m in Sources */ = {isa = PBXBuildFile; fileRef = EE3DBCED9B5A8C298836B20C /* EDXDeleteEnrollCourseRequest.m */; };
		EE3DBBF03813455685492B5F /* EDXURLHelper.m in Sources */ = {isa = PBXBuildFile; fileRef = EE3DB989DF77A764B6766B65 /* EDXURLHelper.m */; };
		EE3DBBF18651F3EC67D1A4CE /* EDXNetworkManager.m in Sources */ = {isa = PBXBuildFile; fileRef = EE3DBBE980BA944702860DB4 /* EDXNetworkManager.m */; };
		EE3DBC2BA67FE34496E0DBAB /* tab_bar_item_my_course.png in Resources */ = {isa = PBXBuildFile; fileRef = EE3DBAFD23983161E60B197D /* tab_bar_item_my_course.png */; };
		EE3DBC4755B1807D9548C642 /* EDXNetworkRequestFactoryTest.m in Sources */ = {isa = PBXBuildFile; fileRef = EE3DBF0DCC8C52600976545C /* EDXNetworkRequestFactoryTest.m */; };
		EE3DBC7EF1EC50281E2EAA0C /* EDXNetworkManagerTest.m in Sources */ = {isa = PBXBuildFile; fileRef = EE3DBF14712711BF197F8059 /* EDXNetworkManagerTest.m */; };
		EE3DBC9F94A35E415873843A /* EDXAccessTokenRequest.m in Sources */ = {isa = PBXBuildFile; fileRef = EE3DB89B52A0F8724409EA44 /* EDXAccessTokenRequest.m */; };
		EE3DBCEAEB601637EBF919F4 /* EDXGetEnrollsRequest.m in Sources */ = {isa = PBXBuildFile; fileRef = EE3DB492183A5A59F03EEBBD /* EDXGetEnrollsRequest.m */; };
		EE3DBDB4917A19F21337C5F4 /* EDXChapter.m in Sources */ = {isa = PBXBuildFile; fileRef = EE3DB495F47D29982B4874EC /* EDXChapter.m */; };
		EE3DBE28D035A770B1F3D72E /* EDXSignUpRequest.m in Sources */ = {isa = PBXBuildFile; fileRef = EE3DB0A74242AA13C1438AC9 /* EDXSignUpRequest.m */; };
		EE3DBEA989E129C5ABA356D8 /* EDXNetworkRequestFactory.m in Sources */ = {isa = PBXBuildFile; fileRef = EE3DBA3B353F0C8722A9B58E /* EDXNetworkRequestFactory.m */; };
		EE3DBEB2B5E7C0163C8286F1 /* EDXMPViewController.xib in Resources */ = {isa = PBXBuildFile; fileRef = EE3DBDF0CBC8292E73CCA7EA /* EDXMPViewController.xib */; };
		EE3DBEDF98E1538B74F2F73A /* EDXEnrollCourseRequest.m in Sources */ = {isa = PBXBuildFile; fileRef = EE3DBCB45BFD4AD13B4440CC /* EDXEnrollCourseRequest.m */; };
		EE3DBF63D7130CA2E1BBEE5B /* EDXLoginViewController.xib in Resources */ = {isa = PBXBuildFile; fileRef = EE3DBCF3FC3C358EA36690D9 /* EDXLoginViewController.xib */; };
/* End PBXBuildFile section */

/* Begin PBXContainerItemProxy section */
		8ACD2C641883E81D006ACA9B /* PBXContainerItemProxy */ = {
			isa = PBXContainerItemProxy;
			containerPortal = C39650AF18314F1B00984745 /* Project object */;
			proxyType = 1;
			remoteGlobalIDString = C39650B618314F1C00984745;
			remoteInfo = "edx-mobile";
		};
/* End PBXContainerItemProxy section */

/* Begin PBXFileReference section */
		251084FF92044528BFE61E59 /* libPods.a */ = {isa = PBXFileReference; explicitFileType = archive.ar; includeInIndex = 0; path = libPods.a; sourceTree = BUILT_PRODUCTS_DIR; };
		58FE0D02D74D4B09A79D0CA5 /* Pods-edx-mobile Tests.xcconfig */ = {isa = PBXFileReference; includeInIndex = 1; lastKnownFileType = text.xcconfig; name = "Pods-edx-mobile Tests.xcconfig"; path = "Pods/Pods-edx-mobile Tests.xcconfig"; sourceTree = "<group>"; };
		6ABF62FEAAF24ACF9E57CD7E /* libPods-edx-mobileTests.a */ = {isa = PBXFileReference; explicitFileType = archive.ar; includeInIndex = 0; path = "libPods-edx-mobileTests.a"; sourceTree = BUILT_PRODUCTS_DIR; };
		7B4E66F5EA3C4E259F3D5BC3 /* Pods-edx-mobileTests.xcconfig */ = {isa = PBXFileReference; includeInIndex = 1; lastKnownFileType = text.xcconfig; name = "Pods-edx-mobileTests.xcconfig"; path = "Pods/Pods-edx-mobileTests.xcconfig"; sourceTree = "<group>"; };
		8A8B2DA518B4905100FBDABB /* EDXMainViewController.h */ = {isa = PBXFileReference; fileEncoding = 4; lastKnownFileType = sourcecode.c.h; path = EDXMainViewController.h; sourceTree = "<group>"; };
		8A8B2DA618B4905100FBDABB /* EDXMainViewController.m */ = {isa = PBXFileReference; fileEncoding = 4; lastKnownFileType = sourcecode.c.objc; path = EDXMainViewController.m; sourceTree = "<group>"; };
		8A8B2DA718B4905100FBDABB /* EDXMainViewController.xib */ = {isa = PBXFileReference; fileEncoding = 4; lastKnownFileType = file.xib; path = EDXMainViewController.xib; sourceTree = "<group>"; };
		8A8B2DAA18B4916200FBDABB /* EDXMyCourseViewController.h */ = {isa = PBXFileReference; fileEncoding = 4; lastKnownFileType = sourcecode.c.h; path = EDXMyCourseViewController.h; sourceTree = "<group>"; };
		8A8B2DAB18B4916200FBDABB /* EDXMyCourseViewController.m */ = {isa = PBXFileReference; fileEncoding = 4; lastKnownFileType = sourcecode.c.objc; path = EDXMyCourseViewController.m; sourceTree = "<group>"; };
		8A8B2DAC18B4916200FBDABB /* EDXMyCourseViewController.xib */ = {isa = PBXFileReference; fileEncoding = 4; lastKnownFileType = file.xib; path = EDXMyCourseViewController.xib; sourceTree = "<group>"; };
		8A8B2DAF18B4918100FBDABB /* EDXFindCourseViewController.h */ = {isa = PBXFileReference; fileEncoding = 4; lastKnownFileType = sourcecode.c.h; path = EDXFindCourseViewController.h; sourceTree = "<group>"; };
		8A8B2DB018B4918100FBDABB /* EDXFindCourseViewController.m */ = {isa = PBXFileReference; fileEncoding = 4; lastKnownFileType = sourcecode.c.objc; path = EDXFindCourseViewController.m; sourceTree = "<group>"; };
		8A8B2DB118B4918100FBDABB /* EDXFindCourseViewController.xib */ = {isa = PBXFileReference; fileEncoding = 4; lastKnownFileType = file.xib; path = EDXFindCourseViewController.xib; sourceTree = "<group>"; };
		8A8B2DB418B4919300FBDABB /* EDXSettingViewController.h */ = {isa = PBXFileReference; fileEncoding = 4; lastKnownFileType = sourcecode.c.h; path = EDXSettingViewController.h; sourceTree = "<group>"; };
		8A8B2DB518B4919300FBDABB /* EDXSettingViewController.m */ = {isa = PBXFileReference; fileEncoding = 4; lastKnownFileType = sourcecode.c.objc; path = EDXSettingViewController.m; sourceTree = "<group>"; };
		8A8B2DB618B4919300FBDABB /* EDXSettingViewController.xib */ = {isa = PBXFileReference; fileEncoding = 4; lastKnownFileType = file.xib; path = EDXSettingViewController.xib; sourceTree = "<group>"; };
		8A8B2DBA18B4A7DF00FBDABB /* EDXCourseModel.h */ = {isa = PBXFileReference; fileEncoding = 4; lastKnownFileType = sourcecode.c.h; path = EDXCourseModel.h; sourceTree = "<group>"; };
		8A8B2DBB18B4A7DF00FBDABB /* EDXCourseModel.m */ = {isa = PBXFileReference; fileEncoding = 4; lastKnownFileType = sourcecode.c.objc; path = EDXCourseModel.m; sourceTree = "<group>"; };
		8A8B2DBE18B5D79E00FBDABB /* EDXMyCourseCell.h */ = {isa = PBXFileReference; fileEncoding = 4; lastKnownFileType = sourcecode.c.h; path = EDXMyCourseCell.h; sourceTree = "<group>"; };
		8A8B2DBF18B5D79E00FBDABB /* EDXMyCourseCell.m */ = {isa = PBXFileReference; fileEncoding = 4; lastKnownFileType = sourcecode.c.objc; path = EDXMyCourseCell.m; sourceTree = "<group>"; };
		8A8B2DC118B5D7CC00FBDABB /* EDXMyCourseCell.xib */ = {isa = PBXFileReference; fileEncoding = 4; lastKnownFileType = file.xib; path = EDXMyCourseCell.xib; sourceTree = "<group>"; };
		8A8B2E0818B7B1C200FBDABB /* EDXChapterModel.h */ = {isa = PBXFileReference; fileEncoding = 4; lastKnownFileType = sourcecode.c.h; path = EDXChapterModel.h; sourceTree = "<group>"; };
		8A8B2E0918B7B1C200FBDABB /* EDXChapterModel.m */ = {isa = PBXFileReference; fileEncoding = 4; lastKnownFileType = sourcecode.c.objc; path = EDXChapterModel.m; sourceTree = "<group>"; };
		8A8B2E0B18B7B1EB00FBDABB /* EDXSubChapterModel.h */ = {isa = PBXFileReference; fileEncoding = 4; lastKnownFileType = sourcecode.c.h; path = EDXSubChapterModel.h; sourceTree = "<group>"; };
		8A8B2E0C18B7B1EB00FBDABB /* EDXSubChapterModel.m */ = {isa = PBXFileReference; fileEncoding = 4; lastKnownFileType = sourcecode.c.objc; path = EDXSubChapterModel.m; sourceTree = "<group>"; };
		8A8B2E0E18B7B20900FBDABB /* EDXItemModel.h */ = {isa = PBXFileReference; fileEncoding = 4; lastKnownFileType = sourcecode.c.h; path = EDXItemModel.h; sourceTree = "<group>"; };
		8A8B2E0F18B7B20900FBDABB /* EDXItemModel.m */ = {isa = PBXFileReference; fileEncoding = 4; lastKnownFileType = sourcecode.c.objc; path = EDXItemModel.m; sourceTree = "<group>"; };
		8A8B2E1118B7BA1800FBDABB /* EDXVideoItemModel.h */ = {isa = PBXFileReference; fileEncoding = 4; lastKnownFileType = sourcecode.c.h; path = EDXVideoItemModel.h; sourceTree = "<group>"; };
		8A8B2E1218B7BA1800FBDABB /* EDXVideoItemModel.m */ = {isa = PBXFileReference; fileEncoding = 4; lastKnownFileType = sourcecode.c.objc; path = EDXVideoItemModel.m; sourceTree = "<group>"; };
		8A8B2E1418B7BC7D00FBDABB /* EDXCourseDetailModel.h */ = {isa = PBXFileReference; fileEncoding = 4; lastKnownFileType = sourcecode.c.h; path = EDXCourseDetailModel.h; sourceTree = "<group>"; };
		8A8B2E1518B7BC7D00FBDABB /* EDXCourseDetailModel.m */ = {isa = PBXFileReference; fileEncoding = 4; lastKnownFileType = sourcecode.c.objc; path = EDXCourseDetailModel.m; sourceTree = "<group>"; };
		8A8B2E1F18B827D500FBDABB /* EDXCourseDetailViewController.h */ = {isa = PBXFileReference; fileEncoding = 4; lastKnownFileType = sourcecode.c.h; name = EDXCourseDetailViewController.h; path = ../EDXCourseDetailViewController.h; sourceTree = "<group>"; };
		8A8B2E2018B827D500FBDABB /* EDXCourseDetailViewController.m */ = {isa = PBXFileReference; fileEncoding = 4; lastKnownFileType = sourcecode.c.objc; name = EDXCourseDetailViewController.m; path = ../EDXCourseDetailViewController.m; sourceTree = "<group>"; };
		8A8B2E2118B827D500FBDABB /* EDXCourseDetailViewController.xib */ = {isa = PBXFileReference; fileEncoding = 4; lastKnownFileType = file.xib; name = EDXCourseDetailViewController.xib; path = ../EDXCourseDetailViewController.xib; sourceTree = "<group>"; };
		8ACD2C561883E81D006ACA9B /* edx-mobile Tests.xctest */ = {isa = PBXFileReference; explicitFileType = wrapper.cfbundle; includeInIndex = 0; path = "edx-mobile Tests.xctest"; sourceTree = BUILT_PRODUCTS_DIR; };
		8ACD2C571883E81D006ACA9B /* XCTest.framework */ = {isa = PBXFileReference; lastKnownFileType = wrapper.framework; name = XCTest.framework; path = Library/Frameworks/XCTest.framework; sourceTree = DEVELOPER_DIR; };
		8ACD2C5D1883E81D006ACA9B /* edx-mobile Tests-Info.plist */ = {isa = PBXFileReference; lastKnownFileType = text.plist.xml; path = "edx-mobile Tests-Info.plist"; sourceTree = "<group>"; };
		8ACD2C5F1883E81D006ACA9B /* en */ = {isa = PBXFileReference; lastKnownFileType = text.plist.strings; name = en; path = en.lproj/InfoPlist.strings; sourceTree = "<group>"; };
		8ACD2C611883E81D006ACA9B /* edx_mobile_Tests.m */ = {isa = PBXFileReference; lastKnownFileType = sourcecode.c.objc; path = edx_mobile_Tests.m; sourceTree = "<group>"; };
		8ACD2C631883E81D006ACA9B /* edx-mobile Tests-Prefix.pch */ = {isa = PBXFileReference; lastKnownFileType = sourcecode.c.h; path = "edx-mobile Tests-Prefix.pch"; sourceTree = "<group>"; };
		8ACD2C691883E91D006ACA9B /* EDXURLHelperTest.m */ = {isa = PBXFileReference; fileEncoding = 4; lastKnownFileType = sourcecode.c.objc; path = EDXURLHelperTest.m; sourceTree = "<group>"; };
		C36979B818539094006055C3 /* EDXGetCourseContent.h */ = {isa = PBXFileReference; fileEncoding = 4; lastKnownFileType = sourcecode.c.h; path = EDXGetCourseContent.h; sourceTree = "<group>"; };
		C36979B91853A2C4006055C3 /* MediaPlayer.framework */ = {isa = PBXFileReference; lastKnownFileType = wrapper.framework; name = MediaPlayer.framework; path = System/Library/Frameworks/MediaPlayer.framework; sourceTree = SDKROOT; };
		C39650B718314F1C00984745 /* edx-mobile.app */ = {isa = PBXFileReference; explicitFileType = wrapper.application; includeInIndex = 0; path = "edx-mobile.app"; sourceTree = BUILT_PRODUCTS_DIR; };
		C39650BA18314F1C00984745 /* UIKit.framework */ = {isa = PBXFileReference; lastKnownFileType = wrapper.framework; name = UIKit.framework; path = System/Library/Frameworks/UIKit.framework; sourceTree = SDKROOT; };
		C39650BC18314F1C00984745 /* Foundation.framework */ = {isa = PBXFileReference; lastKnownFileType = wrapper.framework; name = Foundation.framework; path = System/Library/Frameworks/Foundation.framework; sourceTree = SDKROOT; };
		C39650BE18314F1C00984745 /* CoreGraphics.framework */ = {isa = PBXFileReference; lastKnownFileType = wrapper.framework; name = CoreGraphics.framework; path = System/Library/Frameworks/CoreGraphics.framework; sourceTree = SDKROOT; };
		C39650C218314F1C00984745 /* edx-mobile-Info.plist */ = {isa = PBXFileReference; lastKnownFileType = text.plist.xml; path = "edx-mobile-Info.plist"; sourceTree = "<group>"; };
		C39650C418314F1C00984745 /* en */ = {isa = PBXFileReference; lastKnownFileType = text.plist.strings; name = en; path = en.lproj/InfoPlist.strings; sourceTree = "<group>"; };
		C39650C618314F1C00984745 /* main.m */ = {isa = PBXFileReference; lastKnownFileType = sourcecode.c.objc; path = main.m; sourceTree = "<group>"; };
		C39650C818314F1C00984745 /* edx-mobile-Prefix.pch */ = {isa = PBXFileReference; lastKnownFileType = sourcecode.c.h; path = "edx-mobile-Prefix.pch"; sourceTree = "<group>"; };
		C39650C918314F1C00984745 /* EDXAppDelegate.h */ = {isa = PBXFileReference; lastKnownFileType = sourcecode.c.h; path = EDXAppDelegate.h; sourceTree = "<group>"; };
		C39650CA18314F1C00984745 /* EDXAppDelegate.m */ = {isa = PBXFileReference; lastKnownFileType = sourcecode.c.objc; path = EDXAppDelegate.m; sourceTree = "<group>"; };
		C39650CC18314F1C00984745 /* Default.png */ = {isa = PBXFileReference; lastKnownFileType = image.png; path = Default.png; sourceTree = "<group>"; };
		C39650CE18314F1C00984745 /* Default@2x.png */ = {isa = PBXFileReference; lastKnownFileType = image.png; path = "Default@2x.png"; sourceTree = "<group>"; };
		C39650D018314F1C00984745 /* Default-568h@2x.png */ = {isa = PBXFileReference; lastKnownFileType = image.png; path = "Default-568h@2x.png"; sourceTree = "<group>"; };
		C39650D818314F1C00984745 /* SenTestingKit.framework */ = {isa = PBXFileReference; lastKnownFileType = wrapper.framework; name = SenTestingKit.framework; path = Library/Frameworks/SenTestingKit.framework; sourceTree = DEVELOPER_DIR; };
		C3965178183235EB00984745 /* CFNetwork.framework */ = {isa = PBXFileReference; lastKnownFileType = wrapper.framework; name = CFNetwork.framework; path = System/Library/Frameworks/CFNetwork.framework; sourceTree = SDKROOT; };
		C396517A183235F600984745 /* SystemConfiguration.framework */ = {isa = PBXFileReference; lastKnownFileType = wrapper.framework; name = SystemConfiguration.framework; path = System/Library/Frameworks/SystemConfiguration.framework; sourceTree = SDKROOT; };
		C396517C183235FF00984745 /* MobileCoreServices.framework */ = {isa = PBXFileReference; lastKnownFileType = wrapper.framework; name = MobileCoreServices.framework; path = System/Library/Frameworks/MobileCoreServices.framework; sourceTree = SDKROOT; };
		C396517E1832361600984745 /* libz.1.2.5.dylib */ = {isa = PBXFileReference; lastKnownFileType = "compiled.mach-o.dylib"; name = libz.1.2.5.dylib; path = usr/lib/libz.1.2.5.dylib; sourceTree = SDKROOT; };
		C39651861832440200984745 /* EDXConstants.h */ = {isa = PBXFileReference; fileEncoding = 4; lastKnownFileType = sourcecode.c.h; path = EDXConstants.h; sourceTree = "<group>"; };
		C39651871832440200984745 /* EDXConstants.m */ = {isa = PBXFileReference; fileEncoding = 4; lastKnownFileType = sourcecode.c.objc; path = EDXConstants.m; sourceTree = "<group>"; };
		EE3DB0A74242AA13C1438AC9 /* EDXSignUpRequest.m */ = {isa = PBXFileReference; fileEncoding = 4; lastKnownFileType = sourcecode.c.objc; path = EDXSignUpRequest.m; sourceTree = "<group>"; };
		EE3DB0DA53E14009B6D457CF /* login_button.png */ = {isa = PBXFileReference; lastKnownFileType = image.png; path = login_button.png; sourceTree = "<group>"; };
		EE3DB0E576BE4AE01CF58903 /* EDXGetEnrollsRequest.h */ = {isa = PBXFileReference; fileEncoding = 4; lastKnownFileType = sourcecode.c.h; path = EDXGetEnrollsRequest.h; sourceTree = "<group>"; };
		EE3DB14193BC7B0CD1E6D3A3 /* EDXGetCourseNavigationRequest.h */ = {isa = PBXFileReference; fileEncoding = 4; lastKnownFileType = sourcecode.c.h; path = EDXGetCourseNavigationRequest.h; sourceTree = "<group>"; };
		EE3DB14DC2F7C1F109C21009 /* EDXGetCoursesRequest.h */ = {isa = PBXFileReference; fileEncoding = 4; lastKnownFileType = sourcecode.c.h; path = EDXGetCoursesRequest.h; sourceTree = "<group>"; };
		EE3DB20B7FEFAA4699E5D949 /* EDXUIViewDelegate.h */ = {isa = PBXFileReference; fileEncoding = 4; lastKnownFileType = sourcecode.c.h; path = EDXUIViewDelegate.h; sourceTree = "<group>"; };
		EE3DB2393B657E4938B57BF0 /* EDXEnrollCourseRequest.h */ = {isa = PBXFileReference; fileEncoding = 4; lastKnownFileType = sourcecode.c.h; path = EDXEnrollCourseRequest.h; sourceTree = "<group>"; };
		EE3DB28D9DC3513EE40A85FC /* EDXDeleteEnrollCourseRequest.h */ = {isa = PBXFileReference; fileEncoding = 4; lastKnownFileType = sourcecode.c.h; path = EDXDeleteEnrollCourseRequest.h; sourceTree = "<group>"; };
		EE3DB41013EE6D081A204CB7 /* EDXAccessTokenRequest.h */ = {isa = PBXFileReference; fileEncoding = 4; lastKnownFileType = sourcecode.c.h; path = EDXAccessTokenRequest.h; sourceTree = "<group>"; };
		EE3DB48D78C302881AB88D35 /* EDXSignUpRequest.h */ = {isa = PBXFileReference; fileEncoding = 4; lastKnownFileType = sourcecode.c.h; path = EDXSignUpRequest.h; sourceTree = "<group>"; };
		EE3DB492183A5A59F03EEBBD /* EDXGetEnrollsRequest.m */ = {isa = PBXFileReference; fileEncoding = 4; lastKnownFileType = sourcecode.c.objc; path = EDXGetEnrollsRequest.m; sourceTree = "<group>"; };
		EE3DB495F47D29982B4874EC /* EDXChapter.m */ = {isa = PBXFileReference; fileEncoding = 4; lastKnownFileType = sourcecode.c.objc; path = EDXChapter.m; sourceTree = "<group>"; };
		EE3DB565121C76C6EF87A9D9 /* EDXMPViewController.m */ = {isa = PBXFileReference; fileEncoding = 4; lastKnownFileType = sourcecode.c.objc; path = EDXMPViewController.m; sourceTree = "<group>"; };
		EE3DB5D2C0C0F04FE3BCDF84 /* EDXGetCourseElementRequest.h */ = {isa = PBXFileReference; fileEncoding = 4; lastKnownFileType = sourcecode.c.h; path = EDXGetCourseElementRequest.h; sourceTree = "<group>"; };
		EE3DB727A0819E5E1E67AC82 /* EDXURLHelper.h */ = {isa = PBXFileReference; fileEncoding = 4; lastKnownFileType = sourcecode.c.h; path = EDXURLHelper.h; sourceTree = "<group>"; };
		EE3DB755D9EC387A92FE186A /* EDXNetworkManager.h */ = {isa = PBXFileReference; fileEncoding = 4; lastKnownFileType = sourcecode.c.h; path = EDXNetworkManager.h; sourceTree = "<group>"; };
		EE3DB757FFB339B0AB779DF5 /* EDXChapter.h */ = {isa = PBXFileReference; fileEncoding = 4; lastKnownFileType = sourcecode.c.h; path = EDXChapter.h; sourceTree = "<group>"; };
		EE3DB7FC16D2A224C821DB28 /* EDXGetCoursesRequest.m */ = {isa = PBXFileReference; fileEncoding = 4; lastKnownFileType = sourcecode.c.objc; path = EDXGetCoursesRequest.m; sourceTree = "<group>"; };
		EE3DB820F12CF00BA864C24D /* EDXNetworkDelegate.h */ = {isa = PBXFileReference; fileEncoding = 4; lastKnownFileType = sourcecode.c.h; path = EDXNetworkDelegate.h; sourceTree = "<group>"; };
		EE3DB8396F892D26D4CD07E2 /* tab_bar_item_setting.png */ = {isa = PBXFileReference; lastKnownFileType = image.png; path = tab_bar_item_setting.png; sourceTree = "<group>"; };
		EE3DB85CD746A0E28AD3843B /* EDXGetCourseElementRequest.m */ = {isa = PBXFileReference; fileEncoding = 4; lastKnownFileType = sourcecode.c.objc; path = EDXGetCourseElementRequest.m; sourceTree = "<group>"; };
		EE3DB89B52A0F8724409EA44 /* EDXAccessTokenRequest.m */ = {isa = PBXFileReference; fileEncoding = 4; lastKnownFileType = sourcecode.c.objc; path = EDXAccessTokenRequest.m; sourceTree = "<group>"; };
		EE3DB968F70D157766F5CD45 /* tab_bar_item_find_course.png */ = {isa = PBXFileReference; lastKnownFileType = image.png; path = tab_bar_item_find_course.png; sourceTree = "<group>"; };
		EE3DB989DF77A764B6766B65 /* EDXURLHelper.m */ = {isa = PBXFileReference; fileEncoding = 4; lastKnownFileType = sourcecode.c.objc; path = EDXURLHelper.m; sourceTree = "<group>"; };
		EE3DB98F14ECB87C468A9136 /* EDXUtilities.h */ = {isa = PBXFileReference; fileEncoding = 4; lastKnownFileType = sourcecode.c.h; path = EDXUtilities.h; sourceTree = "<group>"; };
		EE3DB9C1717814498CF694A2 /* EDXNetworkRequest.m */ = {isa = PBXFileReference; fileEncoding = 4; lastKnownFileType = sourcecode.c.objc; path = EDXNetworkRequest.m; sourceTree = "<group>"; };
		EE3DBA3B353F0C8722A9B58E /* EDXNetworkRequestFactory.m */ = {isa = PBXFileReference; fileEncoding = 4; lastKnownFileType = sourcecode.c.objc; path = EDXNetworkRequestFactory.m; sourceTree = "<group>"; };
		EE3DBAFD23983161E60B197D /* tab_bar_item_my_course.png */ = {isa = PBXFileReference; lastKnownFileType = image.png; path = tab_bar_item_my_course.png; sourceTree = "<group>"; };
		EE3DBBA3FC8B82799C023B12 /* EDXDataManager.m */ = {isa = PBXFileReference; fileEncoding = 4; lastKnownFileType = sourcecode.c.objc; path = EDXDataManager.m; sourceTree = "<group>"; };
		EE3DBBB36035632D2DF691A4 /* EDXViewController.m */ = {isa = PBXFileReference; fileEncoding = 4; lastKnownFileType = sourcecode.c.objc; path = EDXViewController.m; sourceTree = "<group>"; };
		EE3DBBE980BA944702860DB4 /* EDXNetworkManager.m */ = {isa = PBXFileReference; fileEncoding = 4; lastKnownFileType = sourcecode.c.objc; path = EDXNetworkManager.m; sourceTree = "<group>"; };
		EE3DBC4DCF94FA86E7D0DE19 /* EDXNetworkRequestFactory.h */ = {isa = PBXFileReference; fileEncoding = 4; lastKnownFileType = sourcecode.c.h; path = EDXNetworkRequestFactory.h; sourceTree = "<group>"; };
		EE3DBCA8C27515ECF3EE57CE /* EDXGetCourseNavigationRequest.m */ = {isa = PBXFileReference; fileEncoding = 4; lastKnownFileType = sourcecode.c.objc; path = EDXGetCourseNavigationRequest.m; sourceTree = "<group>"; };
		EE3DBCB45BFD4AD13B4440CC /* EDXEnrollCourseRequest.m */ = {isa = PBXFileReference; fileEncoding = 4; lastKnownFileType = sourcecode.c.objc; path = EDXEnrollCourseRequest.m; sourceTree = "<group>"; };
		EE3DBCED9B5A8C298836B20C /* EDXDeleteEnrollCourseRequest.m */ = {isa = PBXFileReference; fileEncoding = 4; lastKnownFileType = sourcecode.c.objc; path = EDXDeleteEnrollCourseRequest.m; sourceTree = "<group>"; };
		EE3DBCF3FC3C358EA36690D9 /* EDXLoginViewController.xib */ = {isa = PBXFileReference; lastKnownFileType = file.xib; path = EDXLoginViewController.xib; sourceTree = "<group>"; };
		EE3DBD051E33223DC4A1E518 /* EDXNetworkRequest.h */ = {isa = PBXFileReference; fileEncoding = 4; lastKnownFileType = sourcecode.c.h; path = EDXNetworkRequest.h; sourceTree = "<group>"; };
		EE3DBD44064EBDA2DC7BF2A0 /* EDXLoginViewController.h */ = {isa = PBXFileReference; fileEncoding = 4; lastKnownFileType = sourcecode.c.h; path = EDXLoginViewController.h; sourceTree = "<group>"; };
		EE3DBD7DDC2EC103D0E4B5CD /* EDXDataManager.h */ = {isa = PBXFileReference; fileEncoding = 4; lastKnownFileType = sourcecode.c.h; path = EDXDataManager.h; sourceTree = "<group>"; };
		EE3DBDAFDFD6C128AA8C4FDF /* EDXMPViewController.h */ = {isa = PBXFileReference; fileEncoding = 4; lastKnownFileType = sourcecode.c.h; path = EDXMPViewController.h; sourceTree = "<group>"; };
		EE3DBDDB7A6B99636F0BC515 /* EDXUtilities.m */ = {isa = PBXFileReference; fileEncoding = 4; lastKnownFileType = sourcecode.c.objc; path = EDXUtilities.m; sourceTree = "<group>"; };
		EE3DBDF0CBC8292E73CCA7EA /* EDXMPViewController.xib */ = {isa = PBXFileReference; lastKnownFileType = file.xib; path = EDXMPViewController.xib; sourceTree = "<group>"; };
		EE3DBEB90A01E3F7F2C46622 /* EDXBlock.h */ = {isa = PBXFileReference; fileEncoding = 4; lastKnownFileType = sourcecode.c.h; path = EDXBlock.h; sourceTree = "<group>"; };
		EE3DBF0DCC8C52600976545C /* EDXNetworkRequestFactoryTest.m */ = {isa = PBXFileReference; fileEncoding = 4; lastKnownFileType = sourcecode.c.objc; path = EDXNetworkRequestFactoryTest.m; sourceTree = "<group>"; };
		EE3DBF14712711BF197F8059 /* EDXNetworkManagerTest.m */ = {isa = PBXFileReference; fileEncoding = 4; lastKnownFileType = sourcecode.c.objc; path = EDXNetworkManagerTest.m; sourceTree = "<group>"; };
		EE3DBF6EB115946E26071145 /* EDXLoginViewController.m */ = {isa = PBXFileReference; fileEncoding = 4; lastKnownFileType = sourcecode.c.objc; path = EDXLoginViewController.m; sourceTree = "<group>"; };
		EE3DBFC6D17E32D8EBDF4FBB /* EDXViewController.h */ = {isa = PBXFileReference; fileEncoding = 4; lastKnownFileType = sourcecode.c.h; path = EDXViewController.h; sourceTree = "<group>"; };
		F113093608F84F158AC24FD4 /* Pods.xcconfig */ = {isa = PBXFileReference; includeInIndex = 1; lastKnownFileType = text.xcconfig; name = Pods.xcconfig; path = Pods/Pods.xcconfig; sourceTree = "<group>"; };
		F752CA97F5D643EEAD405A84 /* libPods-edx-mobile Tests.a */ = {isa = PBXFileReference; explicitFileType = archive.ar; includeInIndex = 0; path = "libPods-edx-mobile Tests.a"; sourceTree = BUILT_PRODUCTS_DIR; };
/* End PBXFileReference section */

/* Begin PBXFrameworksBuildPhase section */
		8ACD2C531883E81D006ACA9B /* Frameworks */ = {
			isa = PBXFrameworksBuildPhase;
			buildActionMask = 2147483647;
			files = (
				8ACD2C581883E81D006ACA9B /* XCTest.framework in Frameworks */,
				8ACD2C5A1883E81D006ACA9B /* UIKit.framework in Frameworks */,
				8ACD2C591883E81D006ACA9B /* Foundation.framework in Frameworks */,
				D86E9125A76B4B1C8B95334B /* libPods-edx-mobile Tests.a in Frameworks */,
			);
			runOnlyForDeploymentPostprocessing = 0;
		};
		C39650B418314F1C00984745 /* Frameworks */ = {
			isa = PBXFrameworksBuildPhase;
			buildActionMask = 2147483647;
			files = (
				C36979BA1853A2C4006055C3 /* MediaPlayer.framework in Frameworks */,
				C396517F1832361600984745 /* libz.1.2.5.dylib in Frameworks */,
				C39650BF18314F1C00984745 /* CoreGraphics.framework in Frameworks */,
				C396517D183235FF00984745 /* MobileCoreServices.framework in Frameworks */,
				C396517B183235F600984745 /* SystemConfiguration.framework in Frameworks */,
				C3965179183235EB00984745 /* CFNetwork.framework in Frameworks */,
				C39650BB18314F1C00984745 /* UIKit.framework in Frameworks */,
				C39650BD18314F1C00984745 /* Foundation.framework in Frameworks */,
				BB19B96DF2A2476489342A0E /* libPods.a in Frameworks */,
			);
			runOnlyForDeploymentPostprocessing = 0;
		};
/* End PBXFrameworksBuildPhase section */

/* Begin PBXGroup section */
		8A8B2DBD18B5D76800FBDABB /* View */ = {
			isa = PBXGroup;
			children = (
				8A8B2DBE18B5D79E00FBDABB /* EDXMyCourseCell.h */,
				8A8B2DBF18B5D79E00FBDABB /* EDXMyCourseCell.m */,
				8A8B2DC118B5D7CC00FBDABB /* EDXMyCourseCell.xib */,
			);
			path = View;
			sourceTree = "<group>";
		};
		8ACD2C5B1883E81D006ACA9B /* edx-mobile Tests */ = {
			isa = PBXGroup;
			children = (
				8ACD2C691883E91D006ACA9B /* EDXURLHelperTest.m */,
				8ACD2C611883E81D006ACA9B /* edx_mobile_Tests.m */,
				8ACD2C5C1883E81D006ACA9B /* Supporting Files */,
				EE3DBF0DCC8C52600976545C /* EDXNetworkRequestFactoryTest.m */,
				EE3DBF14712711BF197F8059 /* EDXNetworkManagerTest.m */,
			);
			path = "edx-mobile Tests";
			sourceTree = "<group>";
		};
		8ACD2C5C1883E81D006ACA9B /* Supporting Files */ = {
			isa = PBXGroup;
			children = (
				8ACD2C5D1883E81D006ACA9B /* edx-mobile Tests-Info.plist */,
				8ACD2C5E1883E81D006ACA9B /* InfoPlist.strings */,
				8ACD2C631883E81D006ACA9B /* edx-mobile Tests-Prefix.pch */,
			);
			name = "Supporting Files";
			sourceTree = "<group>";
		};
		C39650AE18314F1B00984745 = {
			isa = PBXGroup;
			children = (
				C36979B91853A2C4006055C3 /* MediaPlayer.framework */,
				C396517E1832361600984745 /* libz.1.2.5.dylib */,
				C396517C183235FF00984745 /* MobileCoreServices.framework */,
				C396517A183235F600984745 /* SystemConfiguration.framework */,
				C3965178183235EB00984745 /* CFNetwork.framework */,
				C39650C018314F1C00984745 /* edx-mobile */,
				8ACD2C5B1883E81D006ACA9B /* edx-mobile Tests */,
				C39650B918314F1C00984745 /* Frameworks */,
				C39650B818314F1C00984745 /* Products */,
				F113093608F84F158AC24FD4 /* Pods.xcconfig */,
				7B4E66F5EA3C4E259F3D5BC3 /* Pods-edx-mobileTests.xcconfig */,
				58FE0D02D74D4B09A79D0CA5 /* Pods-edx-mobile Tests.xcconfig */,
			);
			sourceTree = "<group>";
		};
		C39650B818314F1C00984745 /* Products */ = {
			isa = PBXGroup;
			children = (
				C39650B718314F1C00984745 /* edx-mobile.app */,
				8ACD2C561883E81D006ACA9B /* edx-mobile Tests.xctest */,
			);
			name = Products;
			sourceTree = "<group>";
		};
		C39650B918314F1C00984745 /* Frameworks */ = {
			isa = PBXGroup;
			children = (
				C39650BA18314F1C00984745 /* UIKit.framework */,
				C39650BC18314F1C00984745 /* Foundation.framework */,
				C39650BE18314F1C00984745 /* CoreGraphics.framework */,
				C39650D818314F1C00984745 /* SenTestingKit.framework */,
				251084FF92044528BFE61E59 /* libPods.a */,
				6ABF62FEAAF24ACF9E57CD7E /* libPods-edx-mobileTests.a */,
				8ACD2C571883E81D006ACA9B /* XCTest.framework */,
				F752CA97F5D643EEAD405A84 /* libPods-edx-mobile Tests.a */,
			);
			name = Frameworks;
			sourceTree = "<group>";
		};
		C39650C018314F1C00984745 /* edx-mobile */ = {
			isa = PBXGroup;
			children = (
				C39650C918314F1C00984745 /* EDXAppDelegate.h */,
				C39650CA18314F1C00984745 /* EDXAppDelegate.m */,
				C39650C118314F1C00984745 /* Supporting Files */,
				C39651861832440200984745 /* EDXConstants.h */,
				C39651871832440200984745 /* EDXConstants.m */,
				C36979B818539094006055C3 /* EDXGetCourseContent.h */,
				EE3DB099C73A04516BF8FD52 /* Data */,
				EE3DB3041A1285CABC4172A8 /* Network */,
				EE3DBDDB7A6B99636F0BC515 /* EDXUtilities.m */,
				EE3DB98F14ECB87C468A9136 /* EDXUtilities.h */,
				EE3DBDFDF14AAE6F5E1E0C52 /* UI */,
			);
			path = "edx-mobile";
			sourceTree = "<group>";
		};
		C39650C118314F1C00984745 /* Supporting Files */ = {
			isa = PBXGroup;
			children = (
				C39650C218314F1C00984745 /* edx-mobile-Info.plist */,
				C39650C318314F1C00984745 /* InfoPlist.strings */,
				C39650C618314F1C00984745 /* main.m */,
				C39650C818314F1C00984745 /* edx-mobile-Prefix.pch */,
				C39650CC18314F1C00984745 /* Default.png */,
				C39650CE18314F1C00984745 /* Default@2x.png */,
				C39650D018314F1C00984745 /* Default-568h@2x.png */,
				EE3DB0DA53E14009B6D457CF /* login_button.png */,
				EE3DB968F70D157766F5CD45 /* tab_bar_item_find_course.png */,
				EE3DB8396F892D26D4CD07E2 /* tab_bar_item_setting.png */,
				EE3DBAFD23983161E60B197D /* tab_bar_item_my_course.png */,
			);
			name = "Supporting Files";
			sourceTree = "<group>";
		};
		EE3DB099C73A04516BF8FD52 /* Data */ = {
			isa = PBXGroup;
			children = (
				EE3DBBA3FC8B82799C023B12 /* EDXDataManager.m */,
				EE3DBD7DDC2EC103D0E4B5CD /* EDXDataManager.h */,
				EE3DB8B9F5519DD0D2D8818C /* Entity */,
			);
			path = Data;
			sourceTree = "<group>";
		};
		EE3DB3041A1285CABC4172A8 /* Network */ = {
			isa = PBXGroup;
			children = (
				EE3DBBE980BA944702860DB4 /* EDXNetworkManager.m */,
				EE3DB755D9EC387A92FE186A /* EDXNetworkManager.h */,
				EE3DB820F12CF00BA864C24D /* EDXNetworkDelegate.h */,
				EE3DBC4DCF94FA86E7D0DE19 /* EDXNetworkRequestFactory.h */,
				EE3DBA3B353F0C8722A9B58E /* EDXNetworkRequestFactory.m */,
				EE3DB727A0819E5E1E67AC82 /* EDXURLHelper.h */,
				EE3DB989DF77A764B6766B65 /* EDXURLHelper.m */,
				EE3DB77DE5EFAD47BFEE48DC /* Request */,
			);
			path = Network;
			sourceTree = "<group>";
		};
		EE3DB77DE5EFAD47BFEE48DC /* Request */ = {
			isa = PBXGroup;
			children = (
				EE3DB9C1717814498CF694A2 /* EDXNetworkRequest.m */,
				EE3DBD051E33223DC4A1E518 /* EDXNetworkRequest.h */,
				EE3DB0A74242AA13C1438AC9 /* EDXSignUpRequest.m */,
				EE3DB48D78C302881AB88D35 /* EDXSignUpRequest.h */,
				EE3DB89B52A0F8724409EA44 /* EDXAccessTokenRequest.m */,
				EE3DB41013EE6D081A204CB7 /* EDXAccessTokenRequest.h */,
				EE3DBCB45BFD4AD13B4440CC /* EDXEnrollCourseRequest.m */,
				EE3DB2393B657E4938B57BF0 /* EDXEnrollCourseRequest.h */,
				EE3DBCED9B5A8C298836B20C /* EDXDeleteEnrollCourseRequest.m */,
				EE3DB28D9DC3513EE40A85FC /* EDXDeleteEnrollCourseRequest.h */,
				EE3DB492183A5A59F03EEBBD /* EDXGetEnrollsRequest.m */,
				EE3DB0E576BE4AE01CF58903 /* EDXGetEnrollsRequest.h */,
				EE3DBCA8C27515ECF3EE57CE /* EDXGetCourseNavigationRequest.m */,
				EE3DB14193BC7B0CD1E6D3A3 /* EDXGetCourseNavigationRequest.h */,
				EE3DB85CD746A0E28AD3843B /* EDXGetCourseElementRequest.m */,
				EE3DB5D2C0C0F04FE3BCDF84 /* EDXGetCourseElementRequest.h */,
				EE3DB7FC16D2A224C821DB28 /* EDXGetCoursesRequest.m */,
				EE3DB14DC2F7C1F109C21009 /* EDXGetCoursesRequest.h */,
			);
			path = Request;
			sourceTree = "<group>";
		};
		EE3DB8B9F5519DD0D2D8818C /* Entity */ = {
			isa = PBXGroup;
			children = (
				EE3DB495F47D29982B4874EC /* EDXChapter.m */,
				EE3DB757FFB339B0AB779DF5 /* EDXChapter.h */,
				EE3DBEB90A01E3F7F2C46622 /* EDXBlock.h */,
			);
			path = Entity;
			sourceTree = "<group>";
		};
		EE3DB99EA32CAA02D3C214AC /* Model */ = {
			isa = PBXGroup;
			children = (
				8A8B2DBA18B4A7DF00FBDABB /* EDXCourseModel.h */,
				8A8B2DBB18B4A7DF00FBDABB /* EDXCourseModel.m */,
				8A8B2E0818B7B1C200FBDABB /* EDXChapterModel.h */,
				8A8B2E0918B7B1C200FBDABB /* EDXChapterModel.m */,
				8A8B2E0B18B7B1EB00FBDABB /* EDXSubChapterModel.h */,
				8A8B2E0C18B7B1EB00FBDABB /* EDXSubChapterModel.m */,
				8A8B2E0E18B7B20900FBDABB /* EDXItemModel.h */,
				8A8B2E0F18B7B20900FBDABB /* EDXItemModel.m */,
				8A8B2E1118B7BA1800FBDABB /* EDXVideoItemModel.h */,
				8A8B2E1218B7BA1800FBDABB /* EDXVideoItemModel.m */,
				8A8B2E1418B7BC7D00FBDABB /* EDXCourseDetailModel.h */,
				8A8B2E1518B7BC7D00FBDABB /* EDXCourseDetailModel.m */,
			);
			path = Model;
			sourceTree = "<group>";
		};
		EE3DBDFDF14AAE6F5E1E0C52 /* UI */ = {
			isa = PBXGroup;
			children = (
				8A8B2E1F18B827D500FBDABB /* EDXCourseDetailViewController.h */,
				8A8B2E2018B827D500FBDABB /* EDXCourseDetailViewController.m */,
				8A8B2E2118B827D500FBDABB /* EDXCourseDetailViewController.xib */,
				8A8B2DBD18B5D76800FBDABB /* View */,
				EE3DB20B7FEFAA4699E5D949 /* EDXUIViewDelegate.h */,
				EE3DBFC6D17E32D8EBDF4FBB /* EDXViewController.h */,
				EE3DBBB36035632D2DF691A4 /* EDXViewController.m */,
				EE3DBDAFDFD6C128AA8C4FDF /* EDXMPViewController.h */,
				EE3DB565121C76C6EF87A9D9 /* EDXMPViewController.m */,
				EE3DBDF0CBC8292E73CCA7EA /* EDXMPViewController.xib */,
				EE3DBD44064EBDA2DC7BF2A0 /* EDXLoginViewController.h */,
				EE3DBF6EB115946E26071145 /* EDXLoginViewController.m */,
				EE3DBCF3FC3C358EA36690D9 /* EDXLoginViewController.xib */,
				8A8B2DA518B4905100FBDABB /* EDXMainViewController.h */,
				8A8B2DA618B4905100FBDABB /* EDXMainViewController.m */,
				8A8B2DA718B4905100FBDABB /* EDXMainViewController.xib */,
				8A8B2DAA18B4916200FBDABB /* EDXMyCourseViewController.h */,
				8A8B2DAB18B4916200FBDABB /* EDXMyCourseViewController.m */,
				8A8B2DAC18B4916200FBDABB /* EDXMyCourseViewController.xib */,
				8A8B2DAF18B4918100FBDABB /* EDXFindCourseViewController.h */,
				8A8B2DB018B4918100FBDABB /* EDXFindCourseViewController.m */,
				8A8B2DB118B4918100FBDABB /* EDXFindCourseViewController.xib */,
				8A8B2DB418B4919300FBDABB /* EDXSettingViewController.h */,
				8A8B2DB518B4919300FBDABB /* EDXSettingViewController.m */,
				8A8B2DB618B4919300FBDABB /* EDXSettingViewController.xib */,
				EE3DB99EA32CAA02D3C214AC /* Model */,
			);
			path = UI;
			sourceTree = "<group>";
		};
/* End PBXGroup section */

/* Begin PBXNativeTarget section */
		8ACD2C551883E81D006ACA9B /* edx-mobile Tests */ = {
			isa = PBXNativeTarget;
			buildConfigurationList = 8ACD2C661883E81D006ACA9B /* Build configuration list for PBXNativeTarget "edx-mobile Tests" */;
			buildPhases = (
				EF46DC74809146CDBDB7F361 /* Check Pods Manifest.lock */,
				8ACD2C521883E81D006ACA9B /* Sources */,
				8ACD2C531883E81D006ACA9B /* Frameworks */,
				8ACD2C541883E81D006ACA9B /* Resources */,
				A88F7A0E72E941E385D5DAFB /* Copy Pods Resources */,
			);
			buildRules = (
			);
			dependencies = (
				8ACD2C651883E81D006ACA9B /* PBXTargetDependency */,
			);
			name = "edx-mobile Tests";
			productName = "edx-mobile Tests";
			productReference = 8ACD2C561883E81D006ACA9B /* edx-mobile Tests.xctest */;
			productType = "com.apple.product-type.bundle.unit-test";
		};
		C39650B618314F1C00984745 /* edx-mobile */ = {
			isa = PBXNativeTarget;
			buildConfigurationList = C39650E918314F1C00984745 /* Build configuration list for PBXNativeTarget "edx-mobile" */;
			buildPhases = (
				BB16EEE1BAEA4A41B47EB7D2 /* Check Pods Manifest.lock */,
				C39650B318314F1C00984745 /* Sources */,
				C39650B418314F1C00984745 /* Frameworks */,
				C39650B518314F1C00984745 /* Resources */,
				3FF00E0F6FFF43429A81C38B /* Copy Pods Resources */,
			);
			buildRules = (
			);
			dependencies = (
			);
			name = "edx-mobile";
			productName = "edx-mobile";
			productReference = C39650B718314F1C00984745 /* edx-mobile.app */;
			productType = "com.apple.product-type.application";
		};
/* End PBXNativeTarget section */

/* Begin PBXProject section */
		C39650AF18314F1B00984745 /* Project object */ = {
			isa = PBXProject;
			attributes = {
				CLASSPREFIX = EDX;
				LastUpgradeCheck = 0460;
				ORGANIZATIONNAME = mulab;
				TargetAttributes = {
					8ACD2C551883E81D006ACA9B = {
						TestTargetID = C39650B618314F1C00984745;
					};
					C39650B618314F1C00984745 = {
						DevelopmentTeam = 6ECNDU35QH;
					};
				};
			};
			buildConfigurationList = C39650B218314F1B00984745 /* Build configuration list for PBXProject "edx-mobile" */;
			compatibilityVersion = "Xcode 3.2";
			developmentRegion = English;
			hasScannedForEncodings = 0;
			knownRegions = (
				en,
			);
			mainGroup = C39650AE18314F1B00984745;
			productRefGroup = C39650B818314F1C00984745 /* Products */;
			projectDirPath = "";
			projectRoot = "";
			targets = (
				C39650B618314F1C00984745 /* edx-mobile */,
				8ACD2C551883E81D006ACA9B /* edx-mobile Tests */,
			);
		};
/* End PBXProject section */

/* Begin PBXResourcesBuildPhase section */
		8ACD2C541883E81D006ACA9B /* Resources */ = {
			isa = PBXResourcesBuildPhase;
			buildActionMask = 2147483647;
			files = (
				8ACD2C601883E81D006ACA9B /* InfoPlist.strings in Resources */,
			);
			runOnlyForDeploymentPostprocessing = 0;
		};
		C39650B518314F1C00984745 /* Resources */ = {
			isa = PBXResourcesBuildPhase;
			buildActionMask = 2147483647;
			files = (
				C39650C518314F1C00984745 /* InfoPlist.strings in Resources */,
				C39650CD18314F1C00984745 /* Default.png in Resources */,
				8A8B2E2318B827D500FBDABB /* EDXCourseDetailViewController.xib in Resources */,
				8A8B2DB818B4919300FBDABB /* EDXSettingViewController.xib in Resources */,
				8A8B2DB318B4918100FBDABB /* EDXFindCourseViewController.xib in Resources */,
				C39650CF18314F1C00984745 /* Default@2x.png in Resources */,
				C39650D118314F1C00984745 /* Default-568h@2x.png in Resources */,
				8A8B2DAE18B4916200FBDABB /* EDXMyCourseViewController.xib in Resources */,
				EE3DBEB2B5E7C0163C8286F1 /* EDXMPViewController.xib in Resources */,
				EE3DBF63D7130CA2E1BBEE5B /* EDXLoginViewController.xib in Resources */,
				EE3DB39DA6C7A4C39A9DD03F /* login_button.png in Resources */,
				8A8B2DC218B5D7CC00FBDABB /* EDXMyCourseCell.xib in Resources */,
				8A8B2DA918B4905100FBDABB /* EDXMainViewController.xib in Resources */,
				EE3DB30D0BDE9AD8D59C1248 /* tab_bar_item_find_course.png in Resources */,
				EE3DBB0C48DB967B4431F672 /* tab_bar_item_setting.png in Resources */,
				EE3DBC2BA67FE34496E0DBAB /* tab_bar_item_my_course.png in Resources */,
			);
			runOnlyForDeploymentPostprocessing = 0;
		};
/* End PBXResourcesBuildPhase section */

/* Begin PBXShellScriptBuildPhase section */
		3FF00E0F6FFF43429A81C38B /* Copy Pods Resources */ = {
			isa = PBXShellScriptBuildPhase;
			buildActionMask = 2147483647;
			files = (
			);
			inputPaths = (
			);
			name = "Copy Pods Resources";
			outputPaths = (
			);
			runOnlyForDeploymentPostprocessing = 0;
			shellPath = /bin/sh;
			shellScript = "\"${SRCROOT}/Pods/Pods-resources.sh\"\n";
			showEnvVarsInLog = 0;
		};
		A88F7A0E72E941E385D5DAFB /* Copy Pods Resources */ = {
			isa = PBXShellScriptBuildPhase;
			buildActionMask = 2147483647;
			files = (
			);
			inputPaths = (
			);
			name = "Copy Pods Resources";
			outputPaths = (
			);
			runOnlyForDeploymentPostprocessing = 0;
			shellPath = /bin/sh;
			shellScript = "\"${SRCROOT}/Pods/Pods-edx-mobile Tests-resources.sh\"\n";
			showEnvVarsInLog = 0;
		};
		BB16EEE1BAEA4A41B47EB7D2 /* Check Pods Manifest.lock */ = {
			isa = PBXShellScriptBuildPhase;
			buildActionMask = 2147483647;
			files = (
			);
			inputPaths = (
			);
			name = "Check Pods Manifest.lock";
			outputPaths = (
			);
			runOnlyForDeploymentPostprocessing = 0;
			shellPath = /bin/sh;
			shellScript = "diff \"${PODS_ROOT}/../Podfile.lock\" \"${PODS_ROOT}/Manifest.lock\" > /dev/null\nif [[ $? != 0 ]] ; then\n    cat << EOM\nerror: The sandbox is not in sync with the Podfile.lock. Run 'pod install' or update your CocoaPods installation.\nEOM\n    exit 1\nfi\n";
			showEnvVarsInLog = 0;
		};
		EF46DC74809146CDBDB7F361 /* Check Pods Manifest.lock */ = {
			isa = PBXShellScriptBuildPhase;
			buildActionMask = 2147483647;
			files = (
			);
			inputPaths = (
			);
			name = "Check Pods Manifest.lock";
			outputPaths = (
			);
			runOnlyForDeploymentPostprocessing = 0;
			shellPath = /bin/sh;
			shellScript = "diff \"${PODS_ROOT}/../Podfile.lock\" \"${PODS_ROOT}/Manifest.lock\" > /dev/null\nif [[ $? != 0 ]] ; then\n    cat << EOM\nerror: The sandbox is not in sync with the Podfile.lock. Run 'pod install' or update your CocoaPods installation.\nEOM\n    exit 1\nfi\n";
			showEnvVarsInLog = 0;
		};
/* End PBXShellScriptBuildPhase section */

/* Begin PBXSourcesBuildPhase section */
		8ACD2C521883E81D006ACA9B /* Sources */ = {
			isa = PBXSourcesBuildPhase;
			buildActionMask = 2147483647;
			files = (
				8ACD2C621883E81D006ACA9B /* edx_mobile_Tests.m in Sources */,
				8ACD2C6A1883E91D006ACA9B /* EDXURLHelperTest.m in Sources */,
				EE3DBC4755B1807D9548C642 /* EDXNetworkRequestFactoryTest.m in Sources */,
				EE3DBC7EF1EC50281E2EAA0C /* EDXNetworkManagerTest.m in Sources */,
			);
			runOnlyForDeploymentPostprocessing = 0;
		};
		C39650B318314F1C00984745 /* Sources */ = {
			isa = PBXSourcesBuildPhase;
			buildActionMask = 2147483647;
			files = (
				8A8B2DC018B5D79E00FBDABB /* EDXMyCourseCell.m in Sources */,
				C39650C718314F1C00984745 /* main.m in Sources */,
				C39650CB18314F1C00984745 /* EDXAppDelegate.m in Sources */,
				8A8B2E2218B827D500FBDABB /* EDXCourseDetailViewController.m in Sources */,
				8A8B2DBC18B4A7DF00FBDABB /* EDXCourseModel.m in Sources */,
				C39651881832440200984745 /* EDXConstants.m in Sources */,
				EE3DB8DDC4480D19F7DB135D /* EDXDataManager.m in Sources */,
				EE3DBDB4917A19F21337C5F4 /* EDXChapter.m in Sources */,
				8A8B2E1618B7BC7D00FBDABB /* EDXCourseDetailModel.m in Sources */,
				EE3DBBF18651F3EC67D1A4CE /* EDXNetworkManager.m in Sources */,
				EE3DBEA989E129C5ABA356D8 /* EDXNetworkRequestFactory.m in Sources */,
				EE3DBBF03813455685492B5F /* EDXURLHelper.m in Sources */,
				8A8B2E0D18B7B1EB00FBDABB /* EDXSubChapterModel.m in Sources */,
				EE3DB446D9A361B5E6E2C5A4 /* EDXNetworkRequest.m in Sources */,
				EE3DBE28D035A770B1F3D72E /* EDXSignUpRequest.m in Sources */,
				EE3DB5E0DAB26611B4D277F8 /* EDXUtilities.m in Sources */,
				8A8B2DAD18B4916200FBDABB /* EDXMyCourseViewController.m in Sources */,
				EE3DBC9F94A35E415873843A /* EDXAccessTokenRequest.m in Sources */,
				EE3DBEDF98E1538B74F2F73A /* EDXEnrollCourseRequest.m in Sources */,
				EE3DBB281B5E4EF6FCB6CFC1 /* EDXDeleteEnrollCourseRequest.m in Sources */,
				8A8B2E1018B7B20900FBDABB /* EDXItemModel.m in Sources */,
				EE3DBCEAEB601637EBF919F4 /* EDXGetEnrollsRequest.m in Sources */,
				8A8B2DB718B4919300FBDABB /* EDXSettingViewController.m in Sources */,
				EE3DB8F74F3243C2F0087DFC /* EDXGetCourseNavigationRequest.m in Sources */,
				EE3DB31E14ED5094B1115270 /* EDXGetCourseElementRequest.m in Sources */,
				8A8B2E0A18B7B1C200FBDABB /* EDXChapterModel.m in Sources */,
				8A8B2E1318B7BA1800FBDABB /* EDXVideoItemModel.m in Sources */,
				8A8B2DB218B4918100FBDABB /* EDXFindCourseViewController.m in Sources */,
				EE3DB9FAD6C539CC811E02CF /* EDXGetCoursesRequest.m in Sources */,
				EE3DB947E6697A3D9CB95489 /* EDXViewController.m in Sources */,
				EE3DB44473CA9C6D96CA77F0 /* EDXMPViewController.m in Sources */,
				EE3DB823E5642CC6B24EAEFF /* EDXLoginViewController.m in Sources */,
				8A8B2DA818B4905100FBDABB /* EDXMainViewController.m in Sources */,
			);
			runOnlyForDeploymentPostprocessing = 0;
		};
/* End PBXSourcesBuildPhase section */

/* Begin PBXTargetDependency section */
		8ACD2C651883E81D006ACA9B /* PBXTargetDependency */ = {
			isa = PBXTargetDependency;
			target = C39650B618314F1C00984745 /* edx-mobile */;
			targetProxy = 8ACD2C641883E81D006ACA9B /* PBXContainerItemProxy */;
		};
/* End PBXTargetDependency section */

/* Begin PBXVariantGroup section */
		8ACD2C5E1883E81D006ACA9B /* InfoPlist.strings */ = {
			isa = PBXVariantGroup;
			children = (
				8ACD2C5F1883E81D006ACA9B /* en */,
			);
			name = InfoPlist.strings;
			sourceTree = "<group>";
		};
		C39650C318314F1C00984745 /* InfoPlist.strings */ = {
			isa = PBXVariantGroup;
			children = (
				C39650C418314F1C00984745 /* en */,
			);
			name = InfoPlist.strings;
			sourceTree = "<group>";
		};
/* End PBXVariantGroup section */

/* Begin XCBuildConfiguration section */
		8ACD2C671883E81D006ACA9B /* Debug */ = {
			isa = XCBuildConfiguration;
			baseConfigurationReference = 58FE0D02D74D4B09A79D0CA5 /* Pods-edx-mobile Tests.xcconfig */;
			buildSettings = {
				ARCHS = "$(ARCHS_STANDARD_INCLUDING_64_BIT)";
				BUNDLE_LOADER = "$(BUILT_PRODUCTS_DIR)/edx-mobile.app/edx-mobile";
				CLANG_ENABLE_MODULES = YES;
				CLANG_WARN_BOOL_CONVERSION = YES;
				CLANG_WARN_DIRECT_OBJC_ISA_USAGE = YES_ERROR;
				CLANG_WARN_OBJC_ROOT_CLASS = YES_ERROR;
				FRAMEWORK_SEARCH_PATHS = (
					"$(SDKROOT)/Developer/Library/Frameworks",
					"$(inherited)",
					"$(DEVELOPER_FRAMEWORKS_DIR)",
				);
				GCC_PRECOMPILE_PREFIX_HEADER = YES;
				GCC_PREFIX_HEADER = "edx-mobile Tests/edx-mobile Tests-Prefix.pch";
				GCC_PREPROCESSOR_DEFINITIONS = (
					"DEBUG=1",
					"$(inherited)",
				);
				GCC_WARN_64_TO_32_BIT_CONVERSION = YES;
				GCC_WARN_ABOUT_RETURN_TYPE = YES_ERROR;
				GCC_WARN_UNDECLARED_SELECTOR = YES;
				GCC_WARN_UNUSED_FUNCTION = YES;
				INFOPLIST_FILE = "edx-mobile Tests/edx-mobile Tests-Info.plist";
				IPHONEOS_DEPLOYMENT_TARGET = 7.0;
				PRODUCT_NAME = "$(TARGET_NAME)";
				TEST_HOST = "$(BUNDLE_LOADER)";
				USER_HEADER_SEARCH_PATHS = "\"${PROJECT_DIR}/Pods\"/**";
				WRAPPER_EXTENSION = xctest;
			};
			name = Debug;
		};
		8ACD2C681883E81D006ACA9B /* Release */ = {
			isa = XCBuildConfiguration;
			baseConfigurationReference = 58FE0D02D74D4B09A79D0CA5 /* Pods-edx-mobile Tests.xcconfig */;
			buildSettings = {
				ARCHS = "$(ARCHS_STANDARD_INCLUDING_64_BIT)";
				BUNDLE_LOADER = "$(BUILT_PRODUCTS_DIR)/edx-mobile.app/edx-mobile";
				CLANG_ENABLE_MODULES = YES;
				CLANG_WARN_BOOL_CONVERSION = YES;
				CLANG_WARN_DIRECT_OBJC_ISA_USAGE = YES_ERROR;
				CLANG_WARN_OBJC_ROOT_CLASS = YES_ERROR;
				ENABLE_NS_ASSERTIONS = NO;
				FRAMEWORK_SEARCH_PATHS = (
					"$(SDKROOT)/Developer/Library/Frameworks",
					"$(inherited)",
					"$(DEVELOPER_FRAMEWORKS_DIR)",
				);
				GCC_PRECOMPILE_PREFIX_HEADER = YES;
				GCC_PREFIX_HEADER = "edx-mobile Tests/edx-mobile Tests-Prefix.pch";
				GCC_WARN_64_TO_32_BIT_CONVERSION = YES;
				GCC_WARN_ABOUT_RETURN_TYPE = YES_ERROR;
				GCC_WARN_UNDECLARED_SELECTOR = YES;
				GCC_WARN_UNUSED_FUNCTION = YES;
				INFOPLIST_FILE = "edx-mobile Tests/edx-mobile Tests-Info.plist";
				IPHONEOS_DEPLOYMENT_TARGET = 7.0;
				PRODUCT_NAME = "$(TARGET_NAME)";
				TEST_HOST = "$(BUNDLE_LOADER)";
				USER_HEADER_SEARCH_PATHS = "\"${PROJECT_DIR}/Pods\"/**";
				WRAPPER_EXTENSION = xctest;
			};
			name = Release;
		};
		C39650E718314F1C00984745 /* Debug */ = {
			isa = XCBuildConfiguration;
			buildSettings = {
				ALWAYS_SEARCH_USER_PATHS = NO;
				CLANG_CXX_LANGUAGE_STANDARD = "gnu++0x";
				CLANG_CXX_LIBRARY = "libc++";
				CLANG_ENABLE_OBJC_ARC = YES;
				CLANG_WARN_CONSTANT_CONVERSION = YES;
				CLANG_WARN_EMPTY_BODY = YES;
				CLANG_WARN_ENUM_CONVERSION = YES;
				CLANG_WARN_INT_CONVERSION = YES;
				CLANG_WARN__DUPLICATE_METHOD_MATCH = YES;
				"CODE_SIGN_IDENTITY[sdk=iphoneos*]" = "iPhone Developer";
				COPY_PHASE_STRIP = NO;
				GCC_C_LANGUAGE_STANDARD = gnu99;
				GCC_DYNAMIC_NO_PIC = NO;
				GCC_OPTIMIZATION_LEVEL = 0;
				GCC_PREPROCESSOR_DEFINITIONS = (
					"DEBUG=1",
					"$(inherited)",
				);
				GCC_SYMBOLS_PRIVATE_EXTERN = NO;
				GCC_WARN_ABOUT_RETURN_TYPE = YES;
				GCC_WARN_UNINITIALIZED_AUTOS = YES;
				GCC_WARN_UNUSED_VARIABLE = YES;
				IPHONEOS_DEPLOYMENT_TARGET = 6.1;
				ONLY_ACTIVE_ARCH = YES;
				SDKROOT = iphoneos;
				TARGETED_DEVICE_FAMILY = 2;
			};
			name = Debug;
		};
		C39650E818314F1C00984745 /* Release */ = {
			isa = XCBuildConfiguration;
			buildSettings = {
				ALWAYS_SEARCH_USER_PATHS = NO;
				CLANG_CXX_LANGUAGE_STANDARD = "gnu++0x";
				CLANG_CXX_LIBRARY = "libc++";
				CLANG_ENABLE_OBJC_ARC = YES;
				CLANG_WARN_CONSTANT_CONVERSION = YES;
				CLANG_WARN_EMPTY_BODY = YES;
				CLANG_WARN_ENUM_CONVERSION = YES;
				CLANG_WARN_INT_CONVERSION = YES;
				CLANG_WARN__DUPLICATE_METHOD_MATCH = YES;
				"CODE_SIGN_IDENTITY[sdk=iphoneos*]" = "iPhone Developer";
				COPY_PHASE_STRIP = YES;
				GCC_C_LANGUAGE_STANDARD = gnu99;
				GCC_WARN_ABOUT_RETURN_TYPE = YES;
				GCC_WARN_UNINITIALIZED_AUTOS = YES;
				GCC_WARN_UNUSED_VARIABLE = YES;
				IPHONEOS_DEPLOYMENT_TARGET = 6.1;
				OTHER_CFLAGS = "-DNS_BLOCK_ASSERTIONS=1";
				SDKROOT = iphoneos;
				TARGETED_DEVICE_FAMILY = 2;
				VALIDATE_PRODUCT = YES;
			};
			name = Release;
		};
		C39650EA18314F1C00984745 /* Debug */ = {
			isa = XCBuildConfiguration;
			baseConfigurationReference = F113093608F84F158AC24FD4 /* Pods.xcconfig */;
			buildSettings = {
				CLANG_ENABLE_OBJC_ARC = YES;
				CODE_SIGN_IDENTITY = "iPhone Developer";
				"CODE_SIGN_IDENTITY[sdk=iphoneos*]" = "iPhone Developer";
				GCC_PRECOMPILE_PREFIX_HEADER = YES;
				GCC_PREFIX_HEADER = "edx-mobile/edx-mobile-Prefix.pch";
				INFOPLIST_FILE = "edx-mobile/edx-mobile-Info.plist";
				PRODUCT_NAME = "$(TARGET_NAME)";
				PROVISIONING_PROFILE = "";
				WRAPPER_EXTENSION = app;
			};
			name = Debug;
		};
		C39650EB18314F1C00984745 /* Release */ = {
			isa = XCBuildConfiguration;
			baseConfigurationReference = F113093608F84F158AC24FD4 /* Pods.xcconfig */;
			buildSettings = {
				CLANG_ENABLE_OBJC_ARC = YES;
				CODE_SIGN_IDENTITY = "iPhone Developer";
				"CODE_SIGN_IDENTITY[sdk=iphoneos*]" = "iPhone Developer";
				GCC_PRECOMPILE_PREFIX_HEADER = YES;
				GCC_PREFIX_HEADER = "edx-mobile/edx-mobile-Prefix.pch";
				INFOPLIST_FILE = "edx-mobile/edx-mobile-Info.plist";
				PRODUCT_NAME = "$(TARGET_NAME)";
				PROVISIONING_PROFILE = "";
				WRAPPER_EXTENSION = app;
			};
			name = Release;
		};
/* End XCBuildConfiguration section */

/* Begin XCConfigurationList section */
		8ACD2C661883E81D006ACA9B /* Build configuration list for PBXNativeTarget "edx-mobile Tests" */ = {
			isa = XCConfigurationList;
			buildConfigurations = (
				8ACD2C671883E81D006ACA9B /* Debug */,
				8ACD2C681883E81D006ACA9B /* Release */,
			);
			defaultConfigurationIsVisible = 0;
			defaultConfigurationName = Release;
		};
		C39650B218314F1B00984745 /* Build configuration list for PBXProject "edx-mobile" */ = {
			isa = XCConfigurationList;
			buildConfigurations = (
				C39650E718314F1C00984745 /* Debug */,
				C39650E818314F1C00984745 /* Release */,
			);
			defaultConfigurationIsVisible = 0;
			defaultConfigurationName = Release;
		};
		C39650E918314F1C00984745 /* Build configuration list for PBXNativeTarget "edx-mobile" */ = {
			isa = XCConfigurationList;
			buildConfigurations = (
				C39650EA18314F1C00984745 /* Debug */,
				C39650EB18314F1C00984745 /* Release */,
			);
			defaultConfigurationIsVisible = 0;
			defaultConfigurationName = Release;
		};
/* End XCConfigurationList section */
	};
	rootObject = C39650AF18314F1B00984745 /* Project object */;
}
